// !$*UTF8*$!
{
	archiveVersion = 1;
	classes = {
	};
	objectVersion = 46;
	objects = {

/* Begin PBXBuildFile section */
		FA5AA09B1F71ED4800D925F5 /* ChannelAddAdmin.proto.swift in Sources */ = {isa = PBXBuildFile; fileRef = FA5A9FF21F71ECEF00D925F5 /* ChannelAddAdmin.proto.swift */; };
		FA5AA09C1F71ED4800D925F5 /* ChannelAddMember.proto.swift in Sources */ = {isa = PBXBuildFile; fileRef = FA5A9FF31F71ECEF00D925F5 /* ChannelAddMember.proto.swift */; };
		FA5AA09D1F71ED4800D925F5 /* ChannelAddMessageReaction.proto.swift in Sources */ = {isa = PBXBuildFile; fileRef = FA5A9FF41F71ECEF00D925F5 /* ChannelAddMessageReaction.proto.swift */; };
		FA5AA09E1F71ED4800D925F5 /* ChannelAddModerator.proto.swift in Sources */ = {isa = PBXBuildFile; fileRef = FA5A9FF51F71ECEF00D925F5 /* ChannelAddModerator.proto.swift */; };
		FA5AA09F1F71ED4800D925F5 /* ChannelAvatarAdd.proto.swift in Sources */ = {isa = PBXBuildFile; fileRef = FA5A9FF61F71ECEF00D925F5 /* ChannelAvatarAdd.proto.swift */; };
		FA5AA0A01F71ED4800D925F5 /* ChannelAvatarDelete.proto.swift in Sources */ = {isa = PBXBuildFile; fileRef = FA5A9FF71F71ECEF00D925F5 /* ChannelAvatarDelete.proto.swift */; };
		FA5AA0A11F71ED4800D925F5 /* ChannelAvatarGetList.proto.swift in Sources */ = {isa = PBXBuildFile; fileRef = FA5A9FF81F71ECEF00D925F5 /* ChannelAvatarGetList.proto.swift */; };
		FA5AA0A21F71ED4800D925F5 /* ChannelCheckUsername.proto.swift in Sources */ = {isa = PBXBuildFile; fileRef = FA5A9FF91F71ECEF00D925F5 /* ChannelCheckUsername.proto.swift */; };
		FA5AA0A31F71ED4800D925F5 /* ChannelCreate.proto.swift in Sources */ = {isa = PBXBuildFile; fileRef = FA5A9FFA1F71ECEF00D925F5 /* ChannelCreate.proto.swift */; };
		FA5AA0A41F71ED4800D925F5 /* ChannelDelete.proto.swift in Sources */ = {isa = PBXBuildFile; fileRef = FA5A9FFB1F71ECEF00D925F5 /* ChannelDelete.proto.swift */; };
		FA5AA0A51F71ED4800D925F5 /* ChannelDeleteMessage.proto.swift in Sources */ = {isa = PBXBuildFile; fileRef = FA5A9FFC1F71ECEF00D925F5 /* ChannelDeleteMessage.proto.swift */; };
		FA5AA0A61F71ED4800D925F5 /* ChannelEdit.proto.swift in Sources */ = {isa = PBXBuildFile; fileRef = FA5A9FFD1F71ECEF00D925F5 /* ChannelEdit.proto.swift */; };
		FA5AA0A71F71ED4800D925F5 /* ChannelEditMessage.proto.swift in Sources */ = {isa = PBXBuildFile; fileRef = FA5A9FFE1F71ECEF00D925F5 /* ChannelEditMessage.proto.swift */; };
		FA5AA0A81F71ED4800D925F5 /* ChannelGetDraft.proto.swift in Sources */ = {isa = PBXBuildFile; fileRef = FA5A9FFF1F71ECEF00D925F5 /* ChannelGetDraft.proto.swift */; };
		FA5AA0A91F71ED4800D925F5 /* ChannelGetMemberList.proto.swift in Sources */ = {isa = PBXBuildFile; fileRef = FA5AA0001F71ECEF00D925F5 /* ChannelGetMemberList.proto.swift */; };
		FA5AA0AA1F71ED4800D925F5 /* ChannelGetMessagesStats.proto.swift in Sources */ = {isa = PBXBuildFile; fileRef = FA5AA0011F71ECEF00D925F5 /* ChannelGetMessagesStats.proto.swift */; };
		FA5AA0AB1F71ED4800D925F5 /* ChannelKickAdmin.proto.swift in Sources */ = {isa = PBXBuildFile; fileRef = FA5AA0021F71ECEF00D925F5 /* ChannelKickAdmin.proto.swift */; };
		FA5AA0AC1F71ED4800D925F5 /* ChannelKickMember.proto.swift in Sources */ = {isa = PBXBuildFile; fileRef = FA5AA0031F71ECEF00D925F5 /* ChannelKickMember.proto.swift */; };
		FA5AA0AD1F71ED4800D925F5 /* ChannelKickModerator.proto.swift in Sources */ = {isa = PBXBuildFile; fileRef = FA5AA0041F71ECEF00D925F5 /* ChannelKickModerator.proto.swift */; };
		FA5AA0AE1F71ED4800D925F5 /* ChannelLeft.proto.swift in Sources */ = {isa = PBXBuildFile; fileRef = FA5AA0051F71ECEF00D925F5 /* ChannelLeft.proto.swift */; };
		FA5AA0AF1F71ED4800D925F5 /* ChannelRemoveUsername.proto.swift in Sources */ = {isa = PBXBuildFile; fileRef = FA5AA0061F71ECEF00D925F5 /* ChannelRemoveUsername.proto.swift */; };
		FA5AA0B01F71ED4800D925F5 /* ChannelRevokeLink.proto.swift in Sources */ = {isa = PBXBuildFile; fileRef = FA5AA0071F71ECEF00D925F5 /* ChannelRevokeLink.proto.swift */; };
		FA5AA0B11F71ED4800D925F5 /* ChannelSendMessage.proto.swift in Sources */ = {isa = PBXBuildFile; fileRef = FA5AA0081F71ECEF00D925F5 /* ChannelSendMessage.proto.swift */; };
		FA5AA0B21F71ED4800D925F5 /* ChannelSetAction.proto.swift in Sources */ = {isa = PBXBuildFile; fileRef = FA5AA0091F71ECEF00D925F5 /* ChannelSetAction.proto.swift */; };
		FA5AA0B31F71ED4800D925F5 /* ChannelUpdateDraft.proto.swift in Sources */ = {isa = PBXBuildFile; fileRef = FA5AA00A1F71ECEF00D925F5 /* ChannelUpdateDraft.proto.swift */; };
		FA5AA0B41F71ED4800D925F5 /* ChannelUpdateSignature.proto.swift in Sources */ = {isa = PBXBuildFile; fileRef = FA5AA00B1F71ECEF00D925F5 /* ChannelUpdateSignature.proto.swift */; };
		FA5AA0B51F71ED4800D925F5 /* ChannelUpdateUsername.proto.swift in Sources */ = {isa = PBXBuildFile; fileRef = FA5AA00C1F71ECEF00D925F5 /* ChannelUpdateUsername.proto.swift */; };
		FA5AA0B61F71ED4800D925F5 /* ChatClearMessage.proto.swift in Sources */ = {isa = PBXBuildFile; fileRef = FA5AA00D1F71ECEF00D925F5 /* ChatClearMessage.proto.swift */; };
		FA5AA0B71F71ED4800D925F5 /* ChatConvertToGroup.proto.swift in Sources */ = {isa = PBXBuildFile; fileRef = FA5AA00E1F71ECEF00D925F5 /* ChatConvertToGroup.proto.swift */; };
		FA5AA0B81F71ED4800D925F5 /* ChatDelete.proto.swift in Sources */ = {isa = PBXBuildFile; fileRef = FA5AA00F1F71ECEF00D925F5 /* ChatDelete.proto.swift */; };
		FA5AA0B91F71ED4800D925F5 /* ChatDeleteMessage.proto.swift in Sources */ = {isa = PBXBuildFile; fileRef = FA5AA0101F71ECEF00D925F5 /* ChatDeleteMessage.proto.swift */; };
		FA5AA0BA1F71ED4800D925F5 /* ChatEditMessage.proto.swift in Sources */ = {isa = PBXBuildFile; fileRef = FA5AA0111F71ECEF00D925F5 /* ChatEditMessage.proto.swift */; };
		FA5AA0BB1F71ED4800D925F5 /* ChatGetDraft.proto.swift in Sources */ = {isa = PBXBuildFile; fileRef = FA5AA0121F71ECEF00D925F5 /* ChatGetDraft.proto.swift */; };
		FA5AA0BC1F71ED4800D925F5 /* ChatGetRoom.proto.swift in Sources */ = {isa = PBXBuildFile; fileRef = FA5AA0131F71ECEF00D925F5 /* ChatGetRoom.proto.swift */; };
		FA5AA0BD1F71ED4800D925F5 /* ChatSendMessage.proto.swift in Sources */ = {isa = PBXBuildFile; fileRef = FA5AA0141F71ECEF00D925F5 /* ChatSendMessage.proto.swift */; };
		FA5AA0BE1F71ED4800D925F5 /* ChatSetAction.proto.swift in Sources */ = {isa = PBXBuildFile; fileRef = FA5AA0151F71ECEF00D925F5 /* ChatSetAction.proto.swift */; };
		FA5AA0BF1F71ED4800D925F5 /* ChatUpdateDraft.proto.swift in Sources */ = {isa = PBXBuildFile; fileRef = FA5AA0161F71ECEF00D925F5 /* ChatUpdateDraft.proto.swift */; };
		FA5AA0C01F71ED4800D925F5 /* ChatUpdateStatus.proto.swift in Sources */ = {isa = PBXBuildFile; fileRef = FA5AA0171F71ECEF00D925F5 /* ChatUpdateStatus.proto.swift */; };
		FA5AA0C11F71ED4800D925F5 /* ClientCheckInviteLink.proto.swift in Sources */ = {isa = PBXBuildFile; fileRef = FA5AA0181F71ECEF00D925F5 /* ClientCheckInviteLink.proto.swift */; };
		FA5AA0C21F71ED4800D925F5 /* ClientCondition.proto.swift in Sources */ = {isa = PBXBuildFile; fileRef = FA5AA0191F71ECEF00D925F5 /* ClientCondition.proto.swift */; };
		FA5AA0C31F71ED4800D925F5 /* ClientCountRoomHistory.proto.swift in Sources */ = {isa = PBXBuildFile; fileRef = FA5AA01A1F71ECEF00D925F5 /* ClientCountRoomHistory.proto.swift */; };
		FA5AA0C41F71ED4800D925F5 /* ClientGetRoom.proto.swift in Sources */ = {isa = PBXBuildFile; fileRef = FA5AA01B1F71ECEF00D925F5 /* ClientGetRoom.proto.swift */; };
		FA5AA0C51F71ED4800D925F5 /* ClientGetRoomHistory.proto.swift in Sources */ = {isa = PBXBuildFile; fileRef = FA5AA01C1F71ECEF00D925F5 /* ClientGetRoomHistory.proto.swift */; };
		FA5AA0C61F71ED4800D925F5 /* ClientGetRoomList.proto.swift in Sources */ = {isa = PBXBuildFile; fileRef = FA5AA01D1F71ECEF00D925F5 /* ClientGetRoomList.proto.swift */; };
		FA5AA0C71F71ED4800D925F5 /* ClientGetRoomMessage.proto.swift in Sources */ = {isa = PBXBuildFile; fileRef = FA5AA01E1F71ECEF00D925F5 /* ClientGetRoomMessage.proto.swift */; };
		FA5AA0C81F71ED4800D925F5 /* ClientJoinByInviteLink.proto.swift in Sources */ = {isa = PBXBuildFile; fileRef = FA5AA01F1F71ECEF00D925F5 /* ClientJoinByInviteLink.proto.swift */; };
		FA5AA0C91F71ED4800D925F5 /* ClientJoinByUsername.proto.swift in Sources */ = {isa = PBXBuildFile; fileRef = FA5AA0201F71ECEF00D925F5 /* ClientJoinByUsername.proto.swift */; };
		FA5AA0CA1F71ED4800D925F5 /* ClientResolveUsername.proto.swift in Sources */ = {isa = PBXBuildFile; fileRef = FA5AA0211F71ECEF00D925F5 /* ClientResolveUsername.proto.swift */; };
		FA5AA0CB1F71ED4800D925F5 /* ClientSearchRoomHistory.proto.swift in Sources */ = {isa = PBXBuildFile; fileRef = FA5AA0221F71ECEF00D925F5 /* ClientSearchRoomHistory.proto.swift */; };
		FA5AA0CC1F71ED4800D925F5 /* ClientSearchUsername.proto.swift in Sources */ = {isa = PBXBuildFile; fileRef = FA5AA0231F71ECEF00D925F5 /* ClientSearchUsername.proto.swift */; };
		FA5AA0CD1F71ED4800D925F5 /* ClientSubscribeToRoom.proto.swift in Sources */ = {isa = PBXBuildFile; fileRef = FA5AA0241F71ECEF00D925F5 /* ClientSubscribeToRoom.proto.swift */; };
		FA5AA0CE1F71ED4800D925F5 /* ClientUnsubscribeFromRoom.proto.swift in Sources */ = {isa = PBXBuildFile; fileRef = FA5AA0251F71ECEF00D925F5 /* ClientUnsubscribeFromRoom.proto.swift */; };
		FA5AA0CF1F71ED4800D925F5 /* ConnectionSecuring.proto.swift in Sources */ = {isa = PBXBuildFile; fileRef = FA5AA0261F71ECEF00D925F5 /* ConnectionSecuring.proto.swift */; };
		FA5AA0D01F71ED4800D925F5 /* Error.proto.swift in Sources */ = {isa = PBXBuildFile; fileRef = FA5AA0271F71ECEF00D925F5 /* Error.proto.swift */; };
		FA5AA0D11F71ED4800D925F5 /* FileDownload.proto.swift in Sources */ = {isa = PBXBuildFile; fileRef = FA5AA0281F71ECEF00D925F5 /* FileDownload.proto.swift */; };
		FA5AA0D21F71ED4800D925F5 /* FileInfo.proto.swift in Sources */ = {isa = PBXBuildFile; fileRef = FA5AA0291F71ECEF00D925F5 /* FileInfo.proto.swift */; };
		FA5AA0D31F71ED4800D925F5 /* FileUpload.proto.swift in Sources */ = {isa = PBXBuildFile; fileRef = FA5AA02A1F71ECEF00D925F5 /* FileUpload.proto.swift */; };
		FA5AA0D41F71ED4800D925F5 /* FileUploadInit.proto.swift in Sources */ = {isa = PBXBuildFile; fileRef = FA5AA02B1F71ECEF00D925F5 /* FileUploadInit.proto.swift */; };
		FA5AA0D51F71ED4800D925F5 /* FileUploadOption.proto.swift in Sources */ = {isa = PBXBuildFile; fileRef = FA5AA02C1F71ECEF00D925F5 /* FileUploadOption.proto.swift */; };
		FA5AA0D61F71ED4800D925F5 /* FileUploadStatus.proto.swift in Sources */ = {isa = PBXBuildFile; fileRef = FA5AA02D1F71ECEF00D925F5 /* FileUploadStatus.proto.swift */; };
		FA5AA0D71F71ED4800D925F5 /* GeoGetComment.proto.swift in Sources */ = {isa = PBXBuildFile; fileRef = FA5AA02E1F71ECEF00D925F5 /* GeoGetComment.proto.swift */; };
		FA5AA0D81F71ED4800D925F5 /* GeoGetConfiguration.proto.swift in Sources */ = {isa = PBXBuildFile; fileRef = FA5AA02F1F71ECEF00D925F5 /* GeoGetConfiguration.proto.swift */; };
		FA5AA0D91F71ED4800D925F5 /* GeoGetNearbyCoordinate.proto.swift in Sources */ = {isa = PBXBuildFile; fileRef = FA5AA0301F71ECEF00D925F5 /* GeoGetNearbyCoordinate.proto.swift */; };
		FA5AA0DA1F71ED4800D925F5 /* GeoGetNearbyDistance.proto.swift in Sources */ = {isa = PBXBuildFile; fileRef = FA5AA0311F71ECEF00D925F5 /* GeoGetNearbyDistance.proto.swift */; };
		FA5AA0DB1F71ED4800D925F5 /* GeoGetRegisterStatus.proto.swift in Sources */ = {isa = PBXBuildFile; fileRef = FA5AA0321F71ECEF00D925F5 /* GeoGetRegisterStatus.proto.swift */; };
		FA5AA0DC1F71ED4800D925F5 /* GeoRegister.proto.swift in Sources */ = {isa = PBXBuildFile; fileRef = FA5AA0331F71ECEF00D925F5 /* GeoRegister.proto.swift */; };
		FA5AA0DD1F71ED4800D925F5 /* GeoUpdateComment.proto.swift in Sources */ = {isa = PBXBuildFile; fileRef = FA5AA0341F71ECEF00D925F5 /* GeoUpdateComment.proto.swift */; };
		FA5AA0DE1F71ED4800D925F5 /* GeoUpdatePosition.proto.swift in Sources */ = {isa = PBXBuildFile; fileRef = FA5AA0351F71ECEF00D925F5 /* GeoUpdatePosition.proto.swift */; };
		FA5AA0DF1F71ED4800D925F5 /* Global.proto.swift in Sources */ = {isa = PBXBuildFile; fileRef = FA5AA0361F71ECEF00D925F5 /* Global.proto.swift */; };
		FA5AA0E01F71ED4800D925F5 /* GroupAddAdmin.proto.swift in Sources */ = {isa = PBXBuildFile; fileRef = FA5AA0371F71ECEF00D925F5 /* GroupAddAdmin.proto.swift */; };
		FA5AA0E11F71ED4800D925F5 /* GroupAddMember.proto.swift in Sources */ = {isa = PBXBuildFile; fileRef = FA5AA0381F71ECEF00D925F5 /* GroupAddMember.proto.swift */; };
		FA5AA0E21F71ED4800D925F5 /* GroupAddModerator.proto.swift in Sources */ = {isa = PBXBuildFile; fileRef = FA5AA0391F71ECEF00D925F5 /* GroupAddModerator.proto.swift */; };
		FA5AA0E31F71ED4800D925F5 /* GroupAvatarAdd.proto.swift in Sources */ = {isa = PBXBuildFile; fileRef = FA5AA03A1F71ECEF00D925F5 /* GroupAvatarAdd.proto.swift */; };
		FA5AA0E41F71ED4800D925F5 /* GroupAvatarDelete.proto.swift in Sources */ = {isa = PBXBuildFile; fileRef = FA5AA03B1F71ECEF00D925F5 /* GroupAvatarDelete.proto.swift */; };
		FA5AA0E51F71ED4800D925F5 /* GroupAvatarGetList.proto.swift in Sources */ = {isa = PBXBuildFile; fileRef = FA5AA03C1F71ECEF00D925F5 /* GroupAvatarGetList.proto.swift */; };
		FA5AA0E61F71ED4800D925F5 /* GroupCheckUsername.proto.swift in Sources */ = {isa = PBXBuildFile; fileRef = FA5AA03D1F71ECEF00D925F5 /* GroupCheckUsername.proto.swift */; };
		FA5AA0E71F71ED4800D925F5 /* GroupClearMessage.proto.swift in Sources */ = {isa = PBXBuildFile; fileRef = FA5AA03E1F71ECEF00D925F5 /* GroupClearMessage.proto.swift */; };
		FA5AA0E81F71ED4800D925F5 /* GroupCreate.proto.swift in Sources */ = {isa = PBXBuildFile; fileRef = FA5AA03F1F71ECEF00D925F5 /* GroupCreate.proto.swift */; };
		FA5AA0E91F71ED4800D925F5 /* GroupDelete.proto.swift in Sources */ = {isa = PBXBuildFile; fileRef = FA5AA0401F71ECEF00D925F5 /* GroupDelete.proto.swift */; };
		FA5AA0EA1F71ED4800D925F5 /* GroupDeleteMessage.proto.swift in Sources */ = {isa = PBXBuildFile; fileRef = FA5AA0411F71ECEF00D925F5 /* GroupDeleteMessage.proto.swift */; };
		FA5AA0EB1F71ED4800D925F5 /* GroupEdit.proto.swift in Sources */ = {isa = PBXBuildFile; fileRef = FA5AA0421F71ECEF00D925F5 /* GroupEdit.proto.swift */; };
		FA5AA0EC1F71ED4800D925F5 /* GroupEditMessage.proto.swift in Sources */ = {isa = PBXBuildFile; fileRef = FA5AA0431F71ECEF00D925F5 /* GroupEditMessage.proto.swift */; };
		FA5AA0ED1F71ED4800D925F5 /* GroupGetDraft.proto.swift in Sources */ = {isa = PBXBuildFile; fileRef = FA5AA0441F71ECEF00D925F5 /* GroupGetDraft.proto.swift */; };
		FA5AA0EE1F71ED4800D925F5 /* GroupGetMemberList.proto.swift in Sources */ = {isa = PBXBuildFile; fileRef = FA5AA0451F71ECEF00D925F5 /* GroupGetMemberList.proto.swift */; };
		FA5AA0EF1F71ED4800D925F5 /* GroupKickAdmin.proto.swift in Sources */ = {isa = PBXBuildFile; fileRef = FA5AA0461F71ECEF00D925F5 /* GroupKickAdmin.proto.swift */; };
		FA5AA0F01F71ED4800D925F5 /* GroupKickMember.proto.swift in Sources */ = {isa = PBXBuildFile; fileRef = FA5AA0471F71ECEF00D925F5 /* GroupKickMember.proto.swift */; };
		FA5AA0F11F71ED4800D925F5 /* GroupKickModerator.proto.swift in Sources */ = {isa = PBXBuildFile; fileRef = FA5AA0481F71ECEF00D925F5 /* GroupKickModerator.proto.swift */; };
		FA5AA0F21F71ED4800D925F5 /* GroupLeft.proto.swift in Sources */ = {isa = PBXBuildFile; fileRef = FA5AA0491F71ECEF00D925F5 /* GroupLeft.proto.swift */; };
		FA5AA0F31F71ED4800D925F5 /* GroupRemoveUsername.proto.swift in Sources */ = {isa = PBXBuildFile; fileRef = FA5AA04A1F71ECEF00D925F5 /* GroupRemoveUsername.proto.swift */; };
		FA5AA0F41F71ED4800D925F5 /* GroupRevokeLink.proto.swift in Sources */ = {isa = PBXBuildFile; fileRef = FA5AA04B1F71ECEF00D925F5 /* GroupRevokeLink.proto.swift */; };
		FA5AA0F51F71ED4800D925F5 /* GroupSendMessage.proto.swift in Sources */ = {isa = PBXBuildFile; fileRef = FA5AA04C1F71ECEF00D925F5 /* GroupSendMessage.proto.swift */; };
		FA5AA0F61F71ED4800D925F5 /* GroupSetAction.proto.swift in Sources */ = {isa = PBXBuildFile; fileRef = FA5AA04D1F71ECEF00D925F5 /* GroupSetAction.proto.swift */; };
		FA5AA0F71F71ED4800D925F5 /* GroupUpdateDraft.proto.swift in Sources */ = {isa = PBXBuildFile; fileRef = FA5AA04E1F71ECEF00D925F5 /* GroupUpdateDraft.proto.swift */; };
		FA5AA0F81F71ED4800D925F5 /* GroupUpdateStatus.proto.swift in Sources */ = {isa = PBXBuildFile; fileRef = FA5AA04F1F71ECEF00D925F5 /* GroupUpdateStatus.proto.swift */; };
		FA5AA0F91F71ED4800D925F5 /* GroupUpdateUsername.proto.swift in Sources */ = {isa = PBXBuildFile; fileRef = FA5AA0501F71ECEF00D925F5 /* GroupUpdateUsername.proto.swift */; };
		FA5AA0FA1F71ED4800D925F5 /* Heartbeat.proto.swift in Sources */ = {isa = PBXBuildFile; fileRef = FA5AA0511F71ECEF00D925F5 /* Heartbeat.proto.swift */; };
		FA5AA0FB1F71ED4800D925F5 /* InfoCountry.proto.swift in Sources */ = {isa = PBXBuildFile; fileRef = FA5AA0521F71ECEF00D925F5 /* InfoCountry.proto.swift */; };
		FA5AA0FC1F71ED4800D925F5 /* InfoLocation.proto.swift in Sources */ = {isa = PBXBuildFile; fileRef = FA5AA0531F71ECEF00D925F5 /* InfoLocation.proto.swift */; };
		FA5AA0FD1F71ED4800D925F5 /* InfoPage.proto.swift in Sources */ = {isa = PBXBuildFile; fileRef = FA5AA0541F71ECEF00D925F5 /* InfoPage.proto.swift */; };
		FA5AA0FE1F71ED4800D925F5 /* InfoTime.proto.swift in Sources */ = {isa = PBXBuildFile; fileRef = FA5AA0551F71ECEF00D925F5 /* InfoTime.proto.swift */; };
		FA5AA0FF1F71ED4800D925F5 /* InfoWallpaper.proto.swift in Sources */ = {isa = PBXBuildFile; fileRef = FA5AA0561F71ECEF00D925F5 /* InfoWallpaper.proto.swift */; };
		FA5AA1001F71ED4800D925F5 /* PushLoginToken.proto.swift in Sources */ = {isa = PBXBuildFile; fileRef = FA5AA0571F71ECEF00D925F5 /* PushLoginToken.proto.swift */; };
		FA5AA1011F71ED4800D925F5 /* PushRateSignaling.proto.swift in Sources */ = {isa = PBXBuildFile; fileRef = FA5AA0581F71ECEF00D925F5 /* PushRateSignaling.proto.swift */; };
		FA5AA1021F71ED4800D925F5 /* PushTwoStepVerification.proto.swift in Sources */ = {isa = PBXBuildFile; fileRef = FA5AA0591F71ECEF00D925F5 /* PushTwoStepVerification.proto.swift */; };
		FA5AA1031F71ED4800D925F5 /* PushUserInfoExpired.proto.swift in Sources */ = {isa = PBXBuildFile; fileRef = FA5AA05A1F71ECEF00D925F5 /* PushUserInfoExpired.proto.swift */; };
		FA5AA1041F71ED4800D925F5 /* QrCodeAddContact.proto.swift in Sources */ = {isa = PBXBuildFile; fileRef = FA5AA05B1F71ECEF00D925F5 /* QrCodeAddContact.proto.swift */; };
		FA5AA1051F71ED4800D925F5 /* QrCodeAddMe.proto.swift in Sources */ = {isa = PBXBuildFile; fileRef = FA5AA05C1F71ECEF00D925F5 /* QrCodeAddMe.proto.swift */; };
		FA5AA1061F71ED4800D925F5 /* QrCodeJoin.proto.swift in Sources */ = {isa = PBXBuildFile; fileRef = FA5AA05D1F71ECEF00D925F5 /* QrCodeJoin.proto.swift */; };
		FA5AA1071F71ED4800D925F5 /* QrCodeNewDevice.proto.swift in Sources */ = {isa = PBXBuildFile; fileRef = FA5AA05E1F71ECEF00D925F5 /* QrCodeNewDevice.proto.swift */; };
		FA5AA1081F71ED4800D925F5 /* QrCodeResolve.proto.swift in Sources */ = {isa = PBXBuildFile; fileRef = FA5AA05F1F71ECEF00D925F5 /* QrCodeResolve.proto.swift */; };
		FA5AA10B1F71ED4800D925F5 /* SignalingAccept.proto.swift in Sources */ = {isa = PBXBuildFile; fileRef = FA5AA0621F71ECEF00D925F5 /* SignalingAccept.proto.swift */; };
		FA5AA10C1F71ED4800D925F5 /* SignalingCandidate.proto.swift in Sources */ = {isa = PBXBuildFile; fileRef = FA5AA0631F71ECEF00D925F5 /* SignalingCandidate.proto.swift */; };
		FA5AA10D1F71ED4800D925F5 /* SignalingClearLog.proto.swift in Sources */ = {isa = PBXBuildFile; fileRef = FA5AA0641F71ECEF00D925F5 /* SignalingClearLog.proto.swift */; };
		FA5AA10E1F71ED4800D925F5 /* SignalingGetConfiguration.proto.swift in Sources */ = {isa = PBXBuildFile; fileRef = FA5AA0651F71ECEF00D925F5 /* SignalingGetConfiguration.proto.swift */; };
		FA5AA10F1F71ED4800D925F5 /* SignalingGetLog.proto.swift in Sources */ = {isa = PBXBuildFile; fileRef = FA5AA0661F71ECEF00D925F5 /* SignalingGetLog.proto.swift */; };
		FA5AA1101F71ED4800D925F5 /* SignalingLeave.proto.swift in Sources */ = {isa = PBXBuildFile; fileRef = FA5AA0671F71ECEF00D925F5 /* SignalingLeave.proto.swift */; };
		FA5AA1111F71ED4800D925F5 /* SignalingOffer.proto.swift in Sources */ = {isa = PBXBuildFile; fileRef = FA5AA0681F71ECEF00D925F5 /* SignalingOffer.proto.swift */; };
		FA5AA1121F71ED4800D925F5 /* SignalingRate.proto.swift in Sources */ = {isa = PBXBuildFile; fileRef = FA5AA0691F71ECEF00D925F5 /* SignalingRate.proto.swift */; };
		FA5AA1131F71ED4800D925F5 /* SignalingRinging.proto.swift in Sources */ = {isa = PBXBuildFile; fileRef = FA5AA06A1F71ECEF00D925F5 /* SignalingRinging.proto.swift */; };
		FA5AA1141F71ED4800D925F5 /* SignalingSessionHold.proto.swift in Sources */ = {isa = PBXBuildFile; fileRef = FA5AA06B1F71ECEF00D925F5 /* SignalingSessionHold.proto.swift */; };
		FA5AA1151F71ED4800D925F5 /* UserAvatarAdd.proto.swift in Sources */ = {isa = PBXBuildFile; fileRef = FA5AA06C1F71ECEF00D925F5 /* UserAvatarAdd.proto.swift */; };
		FA5AA1161F71ED4800D925F5 /* UserAvatarDelete.proto.swift in Sources */ = {isa = PBXBuildFile; fileRef = FA5AA06D1F71ECEF00D925F5 /* UserAvatarDelete.proto.swift */; };
		FA5AA1171F71ED4800D925F5 /* UserAvatarGetList.proto.swift in Sources */ = {isa = PBXBuildFile; fileRef = FA5AA06E1F71ECEF00D925F5 /* UserAvatarGetList.proto.swift */; };
		FA5AA1181F71ED4800D925F5 /* UserContactsBlock.proto.swift in Sources */ = {isa = PBXBuildFile; fileRef = FA5AA06F1F71ECEF00D925F5 /* UserContactsBlock.proto.swift */; };
		FA5AA1191F71ED4800D925F5 /* UserContactsDelete.proto.swift in Sources */ = {isa = PBXBuildFile; fileRef = FA5AA0701F71ECEF00D925F5 /* UserContactsDelete.proto.swift */; };
		FA5AA11A1F71ED4800D925F5 /* UserContactsEdit.proto.swift in Sources */ = {isa = PBXBuildFile; fileRef = FA5AA0711F71ECEF00D925F5 /* UserContactsEdit.proto.swift */; };
		FA5AA11B1F71ED4800D925F5 /* UserContactsGetBlockedList.proto.swift in Sources */ = {isa = PBXBuildFile; fileRef = FA5AA0721F71ECEF00D925F5 /* UserContactsGetBlockedList.proto.swift */; };
		FA5AA11C1F71ED4800D925F5 /* UserContactsGetList.proto.swift in Sources */ = {isa = PBXBuildFile; fileRef = FA5AA0731F71ECEF00D925F5 /* UserContactsGetList.proto.swift */; };
		FA5AA11D1F71ED4800D925F5 /* UserContactsImport.proto.swift in Sources */ = {isa = PBXBuildFile; fileRef = FA5AA0741F71ECEF00D925F5 /* UserContactsImport.proto.swift */; };
		FA5AA11E1F71ED4800D925F5 /* UserContactsUnblock.proto.swift in Sources */ = {isa = PBXBuildFile; fileRef = FA5AA0751F71ECEF00D925F5 /* UserContactsUnblock.proto.swift */; };
		FA5AA11F1F71ED4800D925F5 /* UserDelete.proto.swift in Sources */ = {isa = PBXBuildFile; fileRef = FA5AA0761F71ECEF00D925F5 /* UserDelete.proto.swift */; };
		FA5AA1201F71ED4800D925F5 /* UserGetDeleteToken.proto.swift in Sources */ = {isa = PBXBuildFile; fileRef = FA5AA0771F71ECEF00D925F5 /* UserGetDeleteToken.proto.swift */; };
		FA5AA1211F71ED4800D925F5 /* UserInfo.proto.swift in Sources */ = {isa = PBXBuildFile; fileRef = FA5AA0781F71ECEF00D925F5 /* UserInfo.proto.swift */; };
		FA5AA1221F71ED4800D925F5 /* UserLogin.proto.swift in Sources */ = {isa = PBXBuildFile; fileRef = FA5AA0791F71ECEF00D925F5 /* UserLogin.proto.swift */; };
		FA5AA1231F71ED4800D925F5 /* UserPrivacyGetRule.proto.swift in Sources */ = {isa = PBXBuildFile; fileRef = FA5AA07A1F71ECEF00D925F5 /* UserPrivacyGetRule.proto.swift */; };
		FA5AA1241F71ED4800D925F5 /* UserPrivacySetRule.proto.swift in Sources */ = {isa = PBXBuildFile; fileRef = FA5AA07B1F71ECEF00D925F5 /* UserPrivacySetRule.proto.swift */; };
		FA5AA1251F71ED4800D925F5 /* UserProfileCheckUsername.proto.swift in Sources */ = {isa = PBXBuildFile; fileRef = FA5AA07C1F71ECEF00D925F5 /* UserProfileCheckUsername.proto.swift */; };
		FA5AA1261F71ED4800D925F5 /* UserProfileGetEmail.proto.swift in Sources */ = {isa = PBXBuildFile; fileRef = FA5AA07D1F71ECEF00D925F5 /* UserProfileGetEmail.proto.swift */; };
		FA5AA1271F71ED4800D925F5 /* UserProfileGetGender.proto.swift in Sources */ = {isa = PBXBuildFile; fileRef = FA5AA07E1F71ECEF00D925F5 /* UserProfileGetGender.proto.swift */; };
		FA5AA1281F71ED4800D925F5 /* UserProfileGetNickname.proto.swift in Sources */ = {isa = PBXBuildFile; fileRef = FA5AA07F1F71ECEF00D925F5 /* UserProfileGetNickname.proto.swift */; };
		FA5AA1291F71ED4800D925F5 /* UserProfileGetSelfRemove.proto.swift in Sources */ = {isa = PBXBuildFile; fileRef = FA5AA0801F71ECEF00D925F5 /* UserProfileGetSelfRemove.proto.swift */; };
		FA5AA12A1F71ED4800D925F5 /* UserProfileSetEmail.proto.swift in Sources */ = {isa = PBXBuildFile; fileRef = FA5AA0811F71ECEF00D925F5 /* UserProfileSetEmail.proto.swift */; };
		FA5AA12B1F71ED4800D925F5 /* UserProfileSetGender.proto.swift in Sources */ = {isa = PBXBuildFile; fileRef = FA5AA0821F71ECEF00D925F5 /* UserProfileSetGender.proto.swift */; };
		FA5AA12C1F71ED4800D925F5 /* UserProfileSetNickname.proto.swift in Sources */ = {isa = PBXBuildFile; fileRef = FA5AA0831F71ECEF00D925F5 /* UserProfileSetNickname.proto.swift */; };
		FA5AA12D1F71ED4800D925F5 /* UserProfileSetSelfRemove.proto.swift in Sources */ = {isa = PBXBuildFile; fileRef = FA5AA0841F71ECEF00D925F5 /* UserProfileSetSelfRemove.proto.swift */; };
		FA5AA12E1F71ED4800D925F5 /* UserProfileUpdateUsername.proto.swift in Sources */ = {isa = PBXBuildFile; fileRef = FA5AA0851F71ECEF00D925F5 /* UserProfileUpdateUsername.proto.swift */; };
		FA5AA12F1F71ED4800D925F5 /* UserRegister.proto.swift in Sources */ = {isa = PBXBuildFile; fileRef = FA5AA0861F71ECEF00D925F5 /* UserRegister.proto.swift */; };
		FA5AA1301F71ED4800D925F5 /* UserSessionGetActiveList.proto.swift in Sources */ = {isa = PBXBuildFile; fileRef = FA5AA0871F71ECEF00D925F5 /* UserSessionGetActiveList.proto.swift */; };
		FA5AA1311F71ED4800D925F5 /* UserSessionLogout.proto.swift in Sources */ = {isa = PBXBuildFile; fileRef = FA5AA0881F71ECEF00D925F5 /* UserSessionLogout.proto.swift */; };
		FA5AA1321F71ED4800D925F5 /* UserSessionTerminate.proto.swift in Sources */ = {isa = PBXBuildFile; fileRef = FA5AA0891F71ECEF00D925F5 /* UserSessionTerminate.proto.swift */; };
		FA5AA1331F71ED4800D925F5 /* UserTwoStepVerificationChangeHint.proto.swift in Sources */ = {isa = PBXBuildFile; fileRef = FA5AA08A1F71ECEF00D925F5 /* UserTwoStepVerificationChangeHint.proto.swift */; };
		FA5AA1341F71ED4800D925F5 /* UserTwoStepVerificationChangeRecoveryEmail.proto.swift in Sources */ = {isa = PBXBuildFile; fileRef = FA5AA08B1F71ECEF00D925F5 /* UserTwoStepVerificationChangeRecoveryEmail.proto.swift */; };
		FA5AA1351F71ED4800D925F5 /* UserTwoStepVerificationChangeRecoveryQuestion.proto.swift in Sources */ = {isa = PBXBuildFile; fileRef = FA5AA08C1F71ECEF00D925F5 /* UserTwoStepVerificationChangeRecoveryQuestion.proto.swift */; };
		FA5AA1361F71ED4800D925F5 /* UserTwoStepVerificationCheckPassword.proto.swift in Sources */ = {isa = PBXBuildFile; fileRef = FA5AA08D1F71ECEF00D925F5 /* UserTwoStepVerificationCheckPassword.proto.swift */; };
		FA5AA1371F71ED4800D925F5 /* UserTwoStepVerificationGetPasswordDetail.proto.swift in Sources */ = {isa = PBXBuildFile; fileRef = FA5AA08E1F71ECEF00D925F5 /* UserTwoStepVerificationGetPasswordDetail.proto.swift */; };
		FA5AA1381F71ED4800D925F5 /* UserTwoStepVerificationRecoverPasswordByAnswers.proto.swift in Sources */ = {isa = PBXBuildFile; fileRef = FA5AA08F1F71ECEF00D925F5 /* UserTwoStepVerificationRecoverPasswordByAnswers.proto.swift */; };
		FA5AA1391F71ED4800D925F5 /* UserTwoStepVerificationRecoverPasswordByToken.proto.swift in Sources */ = {isa = PBXBuildFile; fileRef = FA5AA0901F71ECEF00D925F5 /* UserTwoStepVerificationRecoverPasswordByToken.proto.swift */; };
		FA5AA13A1F71ED4800D925F5 /* UserTwoStepVerificationRequestRecoveryToken.proto.swift in Sources */ = {isa = PBXBuildFile; fileRef = FA5AA0911F71ECEF00D925F5 /* UserTwoStepVerificationRequestRecoveryToken.proto.swift */; };
		FA5AA13B1F71ED4800D925F5 /* UserTwoStepVerificationResendVerifyEmail.proto.swift in Sources */ = {isa = PBXBuildFile; fileRef = FA5AA0921F71ECEF00D925F5 /* UserTwoStepVerificationResendVerifyEmail.proto.swift */; };
		FA5AA13C1F71ED4800D925F5 /* UserTwoStepVerificationSetPassword.proto.swift in Sources */ = {isa = PBXBuildFile; fileRef = FA5AA0931F71ECEF00D925F5 /* UserTwoStepVerificationSetPassword.proto.swift */; };
		FA5AA13D1F71ED4800D925F5 /* UserTwoStepVerificationUnsetPassword.proto.swift in Sources */ = {isa = PBXBuildFile; fileRef = FA5AA0941F71ECEF00D925F5 /* UserTwoStepVerificationUnsetPassword.proto.swift */; };
		FA5AA13E1F71ED4800D925F5 /* UserTwoStepVerificationVerifyPassword.proto.swift in Sources */ = {isa = PBXBuildFile; fileRef = FA5AA0951F71ECEF00D925F5 /* UserTwoStepVerificationVerifyPassword.proto.swift */; };
		FA5AA13F1F71ED4800D925F5 /* UserTwoStepVerificationVerifyRecoveryEmail.proto.swift in Sources */ = {isa = PBXBuildFile; fileRef = FA5AA0961F71ECEF00D925F5 /* UserTwoStepVerificationVerifyRecoveryEmail.proto.swift */; };
		FA5AA1401F71ED4800D925F5 /* UserUpdateStatus.proto.swift in Sources */ = {isa = PBXBuildFile; fileRef = FA5AA0971F71ECEF00D925F5 /* UserUpdateStatus.proto.swift */; };
		FA5AA1411F71ED4800D925F5 /* UserUsernameToId.proto.swift in Sources */ = {isa = PBXBuildFile; fileRef = FA5AA0981F71ECEF00D925F5 /* UserUsernameToId.proto.swift */; };
		FA5AA1421F71ED4800D925F5 /* UserVerify.proto.swift in Sources */ = {isa = PBXBuildFile; fileRef = FA5AA0991F71ECEF00D925F5 /* UserVerify.proto.swift */; };
		FA5AA1431F71ED4800D925F5 /* UserVerifyNewDevice.proto.swift in Sources */ = {isa = PBXBuildFile; fileRef = FA5AA09A1F71ECEF00D925F5 /* UserVerifyNewDevice.proto.swift */; };
		FA76382E1E2FFD5E00C24391 /* IGProtoBuff.h in Headers */ = {isa = PBXBuildFile; fileRef = FA76382C1E2FFD5E00C24391 /* IGProtoBuff.h */; settings = {ATTRIBUTES = (Public, ); }; };
		FA7638361E2FFFD200C24391 /* ProtocolBuffers.framework in Frameworks */ = {isa = PBXBuildFile; fileRef = FA7638351E2FFFD200C24391 /* ProtocolBuffers.framework */; };
/* End PBXBuildFile section */

/* Begin PBXFileReference section */
		FA5A9FF21F71ECEF00D925F5 /* ChannelAddAdmin.proto.swift */ = {isa = PBXFileReference; lastKnownFileType = sourcecode.swift; path = ChannelAddAdmin.proto.swift; sourceTree = "<group>"; };
		FA5A9FF31F71ECEF00D925F5 /* ChannelAddMember.proto.swift */ = {isa = PBXFileReference; lastKnownFileType = sourcecode.swift; path = ChannelAddMember.proto.swift; sourceTree = "<group>"; };
		FA5A9FF41F71ECEF00D925F5 /* ChannelAddMessageReaction.proto.swift */ = {isa = PBXFileReference; lastKnownFileType = sourcecode.swift; path = ChannelAddMessageReaction.proto.swift; sourceTree = "<group>"; };
		FA5A9FF51F71ECEF00D925F5 /* ChannelAddModerator.proto.swift */ = {isa = PBXFileReference; lastKnownFileType = sourcecode.swift; path = ChannelAddModerator.proto.swift; sourceTree = "<group>"; };
		FA5A9FF61F71ECEF00D925F5 /* ChannelAvatarAdd.proto.swift */ = {isa = PBXFileReference; lastKnownFileType = sourcecode.swift; path = ChannelAvatarAdd.proto.swift; sourceTree = "<group>"; };
		FA5A9FF71F71ECEF00D925F5 /* ChannelAvatarDelete.proto.swift */ = {isa = PBXFileReference; lastKnownFileType = sourcecode.swift; path = ChannelAvatarDelete.proto.swift; sourceTree = "<group>"; };
		FA5A9FF81F71ECEF00D925F5 /* ChannelAvatarGetList.proto.swift */ = {isa = PBXFileReference; lastKnownFileType = sourcecode.swift; path = ChannelAvatarGetList.proto.swift; sourceTree = "<group>"; };
		FA5A9FF91F71ECEF00D925F5 /* ChannelCheckUsername.proto.swift */ = {isa = PBXFileReference; lastKnownFileType = sourcecode.swift; path = ChannelCheckUsername.proto.swift; sourceTree = "<group>"; };
		FA5A9FFA1F71ECEF00D925F5 /* ChannelCreate.proto.swift */ = {isa = PBXFileReference; lastKnownFileType = sourcecode.swift; path = ChannelCreate.proto.swift; sourceTree = "<group>"; };
		FA5A9FFB1F71ECEF00D925F5 /* ChannelDelete.proto.swift */ = {isa = PBXFileReference; lastKnownFileType = sourcecode.swift; path = ChannelDelete.proto.swift; sourceTree = "<group>"; };
		FA5A9FFC1F71ECEF00D925F5 /* ChannelDeleteMessage.proto.swift */ = {isa = PBXFileReference; lastKnownFileType = sourcecode.swift; path = ChannelDeleteMessage.proto.swift; sourceTree = "<group>"; };
		FA5A9FFD1F71ECEF00D925F5 /* ChannelEdit.proto.swift */ = {isa = PBXFileReference; lastKnownFileType = sourcecode.swift; path = ChannelEdit.proto.swift; sourceTree = "<group>"; };
		FA5A9FFE1F71ECEF00D925F5 /* ChannelEditMessage.proto.swift */ = {isa = PBXFileReference; lastKnownFileType = sourcecode.swift; path = ChannelEditMessage.proto.swift; sourceTree = "<group>"; };
		FA5A9FFF1F71ECEF00D925F5 /* ChannelGetDraft.proto.swift */ = {isa = PBXFileReference; lastKnownFileType = sourcecode.swift; path = ChannelGetDraft.proto.swift; sourceTree = "<group>"; };
		FA5AA0001F71ECEF00D925F5 /* ChannelGetMemberList.proto.swift */ = {isa = PBXFileReference; lastKnownFileType = sourcecode.swift; path = ChannelGetMemberList.proto.swift; sourceTree = "<group>"; };
		FA5AA0011F71ECEF00D925F5 /* ChannelGetMessagesStats.proto.swift */ = {isa = PBXFileReference; lastKnownFileType = sourcecode.swift; path = ChannelGetMessagesStats.proto.swift; sourceTree = "<group>"; };
		FA5AA0021F71ECEF00D925F5 /* ChannelKickAdmin.proto.swift */ = {isa = PBXFileReference; lastKnownFileType = sourcecode.swift; path = ChannelKickAdmin.proto.swift; sourceTree = "<group>"; };
		FA5AA0031F71ECEF00D925F5 /* ChannelKickMember.proto.swift */ = {isa = PBXFileReference; lastKnownFileType = sourcecode.swift; path = ChannelKickMember.proto.swift; sourceTree = "<group>"; };
		FA5AA0041F71ECEF00D925F5 /* ChannelKickModerator.proto.swift */ = {isa = PBXFileReference; lastKnownFileType = sourcecode.swift; path = ChannelKickModerator.proto.swift; sourceTree = "<group>"; };
		FA5AA0051F71ECEF00D925F5 /* ChannelLeft.proto.swift */ = {isa = PBXFileReference; lastKnownFileType = sourcecode.swift; path = ChannelLeft.proto.swift; sourceTree = "<group>"; };
		FA5AA0061F71ECEF00D925F5 /* ChannelRemoveUsername.proto.swift */ = {isa = PBXFileReference; lastKnownFileType = sourcecode.swift; path = ChannelRemoveUsername.proto.swift; sourceTree = "<group>"; };
		FA5AA0071F71ECEF00D925F5 /* ChannelRevokeLink.proto.swift */ = {isa = PBXFileReference; lastKnownFileType = sourcecode.swift; path = ChannelRevokeLink.proto.swift; sourceTree = "<group>"; };
		FA5AA0081F71ECEF00D925F5 /* ChannelSendMessage.proto.swift */ = {isa = PBXFileReference; lastKnownFileType = sourcecode.swift; path = ChannelSendMessage.proto.swift; sourceTree = "<group>"; };
		FA5AA0091F71ECEF00D925F5 /* ChannelSetAction.proto.swift */ = {isa = PBXFileReference; lastKnownFileType = sourcecode.swift; path = ChannelSetAction.proto.swift; sourceTree = "<group>"; };
		FA5AA00A1F71ECEF00D925F5 /* ChannelUpdateDraft.proto.swift */ = {isa = PBXFileReference; lastKnownFileType = sourcecode.swift; path = ChannelUpdateDraft.proto.swift; sourceTree = "<group>"; };
		FA5AA00B1F71ECEF00D925F5 /* ChannelUpdateSignature.proto.swift */ = {isa = PBXFileReference; lastKnownFileType = sourcecode.swift; path = ChannelUpdateSignature.proto.swift; sourceTree = "<group>"; };
		FA5AA00C1F71ECEF00D925F5 /* ChannelUpdateUsername.proto.swift */ = {isa = PBXFileReference; lastKnownFileType = sourcecode.swift; path = ChannelUpdateUsername.proto.swift; sourceTree = "<group>"; };
		FA5AA00D1F71ECEF00D925F5 /* ChatClearMessage.proto.swift */ = {isa = PBXFileReference; lastKnownFileType = sourcecode.swift; path = ChatClearMessage.proto.swift; sourceTree = "<group>"; };
		FA5AA00E1F71ECEF00D925F5 /* ChatConvertToGroup.proto.swift */ = {isa = PBXFileReference; lastKnownFileType = sourcecode.swift; path = ChatConvertToGroup.proto.swift; sourceTree = "<group>"; };
		FA5AA00F1F71ECEF00D925F5 /* ChatDelete.proto.swift */ = {isa = PBXFileReference; lastKnownFileType = sourcecode.swift; path = ChatDelete.proto.swift; sourceTree = "<group>"; };
		FA5AA0101F71ECEF00D925F5 /* ChatDeleteMessage.proto.swift */ = {isa = PBXFileReference; lastKnownFileType = sourcecode.swift; path = ChatDeleteMessage.proto.swift; sourceTree = "<group>"; };
		FA5AA0111F71ECEF00D925F5 /* ChatEditMessage.proto.swift */ = {isa = PBXFileReference; lastKnownFileType = sourcecode.swift; path = ChatEditMessage.proto.swift; sourceTree = "<group>"; };
		FA5AA0121F71ECEF00D925F5 /* ChatGetDraft.proto.swift */ = {isa = PBXFileReference; lastKnownFileType = sourcecode.swift; path = ChatGetDraft.proto.swift; sourceTree = "<group>"; };
		FA5AA0131F71ECEF00D925F5 /* ChatGetRoom.proto.swift */ = {isa = PBXFileReference; lastKnownFileType = sourcecode.swift; path = ChatGetRoom.proto.swift; sourceTree = "<group>"; };
		FA5AA0141F71ECEF00D925F5 /* ChatSendMessage.proto.swift */ = {isa = PBXFileReference; lastKnownFileType = sourcecode.swift; path = ChatSendMessage.proto.swift; sourceTree = "<group>"; };
		FA5AA0151F71ECEF00D925F5 /* ChatSetAction.proto.swift */ = {isa = PBXFileReference; lastKnownFileType = sourcecode.swift; path = ChatSetAction.proto.swift; sourceTree = "<group>"; };
		FA5AA0161F71ECEF00D925F5 /* ChatUpdateDraft.proto.swift */ = {isa = PBXFileReference; lastKnownFileType = sourcecode.swift; path = ChatUpdateDraft.proto.swift; sourceTree = "<group>"; };
		FA5AA0171F71ECEF00D925F5 /* ChatUpdateStatus.proto.swift */ = {isa = PBXFileReference; lastKnownFileType = sourcecode.swift; path = ChatUpdateStatus.proto.swift; sourceTree = "<group>"; };
		FA5AA0181F71ECEF00D925F5 /* ClientCheckInviteLink.proto.swift */ = {isa = PBXFileReference; lastKnownFileType = sourcecode.swift; path = ClientCheckInviteLink.proto.swift; sourceTree = "<group>"; };
		FA5AA0191F71ECEF00D925F5 /* ClientCondition.proto.swift */ = {isa = PBXFileReference; lastKnownFileType = sourcecode.swift; path = ClientCondition.proto.swift; sourceTree = "<group>"; };
		FA5AA01A1F71ECEF00D925F5 /* ClientCountRoomHistory.proto.swift */ = {isa = PBXFileReference; lastKnownFileType = sourcecode.swift; path = ClientCountRoomHistory.proto.swift; sourceTree = "<group>"; };
		FA5AA01B1F71ECEF00D925F5 /* ClientGetRoom.proto.swift */ = {isa = PBXFileReference; lastKnownFileType = sourcecode.swift; path = ClientGetRoom.proto.swift; sourceTree = "<group>"; };
		FA5AA01C1F71ECEF00D925F5 /* ClientGetRoomHistory.proto.swift */ = {isa = PBXFileReference; lastKnownFileType = sourcecode.swift; path = ClientGetRoomHistory.proto.swift; sourceTree = "<group>"; };
		FA5AA01D1F71ECEF00D925F5 /* ClientGetRoomList.proto.swift */ = {isa = PBXFileReference; lastKnownFileType = sourcecode.swift; path = ClientGetRoomList.proto.swift; sourceTree = "<group>"; };
		FA5AA01E1F71ECEF00D925F5 /* ClientGetRoomMessage.proto.swift */ = {isa = PBXFileReference; lastKnownFileType = sourcecode.swift; path = ClientGetRoomMessage.proto.swift; sourceTree = "<group>"; };
		FA5AA01F1F71ECEF00D925F5 /* ClientJoinByInviteLink.proto.swift */ = {isa = PBXFileReference; lastKnownFileType = sourcecode.swift; path = ClientJoinByInviteLink.proto.swift; sourceTree = "<group>"; };
		FA5AA0201F71ECEF00D925F5 /* ClientJoinByUsername.proto.swift */ = {isa = PBXFileReference; lastKnownFileType = sourcecode.swift; path = ClientJoinByUsername.proto.swift; sourceTree = "<group>"; };
		FA5AA0211F71ECEF00D925F5 /* ClientResolveUsername.proto.swift */ = {isa = PBXFileReference; lastKnownFileType = sourcecode.swift; path = ClientResolveUsername.proto.swift; sourceTree = "<group>"; };
		FA5AA0221F71ECEF00D925F5 /* ClientSearchRoomHistory.proto.swift */ = {isa = PBXFileReference; lastKnownFileType = sourcecode.swift; path = ClientSearchRoomHistory.proto.swift; sourceTree = "<group>"; };
		FA5AA0231F71ECEF00D925F5 /* ClientSearchUsername.proto.swift */ = {isa = PBXFileReference; lastKnownFileType = sourcecode.swift; path = ClientSearchUsername.proto.swift; sourceTree = "<group>"; };
		FA5AA0241F71ECEF00D925F5 /* ClientSubscribeToRoom.proto.swift */ = {isa = PBXFileReference; lastKnownFileType = sourcecode.swift; path = ClientSubscribeToRoom.proto.swift; sourceTree = "<group>"; };
		FA5AA0251F71ECEF00D925F5 /* ClientUnsubscribeFromRoom.proto.swift */ = {isa = PBXFileReference; lastKnownFileType = sourcecode.swift; path = ClientUnsubscribeFromRoom.proto.swift; sourceTree = "<group>"; };
		FA5AA0261F71ECEF00D925F5 /* ConnectionSecuring.proto.swift */ = {isa = PBXFileReference; lastKnownFileType = sourcecode.swift; path = ConnectionSecuring.proto.swift; sourceTree = "<group>"; };
		FA5AA0271F71ECEF00D925F5 /* Error.proto.swift */ = {isa = PBXFileReference; lastKnownFileType = sourcecode.swift; path = Error.proto.swift; sourceTree = "<group>"; };
		FA5AA0281F71ECEF00D925F5 /* FileDownload.proto.swift */ = {isa = PBXFileReference; lastKnownFileType = sourcecode.swift; path = FileDownload.proto.swift; sourceTree = "<group>"; };
		FA5AA0291F71ECEF00D925F5 /* FileInfo.proto.swift */ = {isa = PBXFileReference; lastKnownFileType = sourcecode.swift; path = FileInfo.proto.swift; sourceTree = "<group>"; };
		FA5AA02A1F71ECEF00D925F5 /* FileUpload.proto.swift */ = {isa = PBXFileReference; lastKnownFileType = sourcecode.swift; path = FileUpload.proto.swift; sourceTree = "<group>"; };
		FA5AA02B1F71ECEF00D925F5 /* FileUploadInit.proto.swift */ = {isa = PBXFileReference; lastKnownFileType = sourcecode.swift; path = FileUploadInit.proto.swift; sourceTree = "<group>"; };
		FA5AA02C1F71ECEF00D925F5 /* FileUploadOption.proto.swift */ = {isa = PBXFileReference; lastKnownFileType = sourcecode.swift; path = FileUploadOption.proto.swift; sourceTree = "<group>"; };
		FA5AA02D1F71ECEF00D925F5 /* FileUploadStatus.proto.swift */ = {isa = PBXFileReference; lastKnownFileType = sourcecode.swift; path = FileUploadStatus.proto.swift; sourceTree = "<group>"; };
		FA5AA02E1F71ECEF00D925F5 /* GeoGetComment.proto.swift */ = {isa = PBXFileReference; lastKnownFileType = sourcecode.swift; path = GeoGetComment.proto.swift; sourceTree = "<group>"; };
		FA5AA02F1F71ECEF00D925F5 /* GeoGetConfiguration.proto.swift */ = {isa = PBXFileReference; lastKnownFileType = sourcecode.swift; path = GeoGetConfiguration.proto.swift; sourceTree = "<group>"; };
		FA5AA0301F71ECEF00D925F5 /* GeoGetNearbyCoordinate.proto.swift */ = {isa = PBXFileReference; lastKnownFileType = sourcecode.swift; path = GeoGetNearbyCoordinate.proto.swift; sourceTree = "<group>"; };
		FA5AA0311F71ECEF00D925F5 /* GeoGetNearbyDistance.proto.swift */ = {isa = PBXFileReference; lastKnownFileType = sourcecode.swift; path = GeoGetNearbyDistance.proto.swift; sourceTree = "<group>"; };
		FA5AA0321F71ECEF00D925F5 /* GeoGetRegisterStatus.proto.swift */ = {isa = PBXFileReference; lastKnownFileType = sourcecode.swift; path = GeoGetRegisterStatus.proto.swift; sourceTree = "<group>"; };
		FA5AA0331F71ECEF00D925F5 /* GeoRegister.proto.swift */ = {isa = PBXFileReference; lastKnownFileType = sourcecode.swift; path = GeoRegister.proto.swift; sourceTree = "<group>"; };
		FA5AA0341F71ECEF00D925F5 /* GeoUpdateComment.proto.swift */ = {isa = PBXFileReference; lastKnownFileType = sourcecode.swift; path = GeoUpdateComment.proto.swift; sourceTree = "<group>"; };
		FA5AA0351F71ECEF00D925F5 /* GeoUpdatePosition.proto.swift */ = {isa = PBXFileReference; lastKnownFileType = sourcecode.swift; path = GeoUpdatePosition.proto.swift; sourceTree = "<group>"; };
		FA5AA0361F71ECEF00D925F5 /* Global.proto.swift */ = {isa = PBXFileReference; lastKnownFileType = sourcecode.swift; path = Global.proto.swift; sourceTree = "<group>"; };
		FA5AA0371F71ECEF00D925F5 /* GroupAddAdmin.proto.swift */ = {isa = PBXFileReference; lastKnownFileType = sourcecode.swift; path = GroupAddAdmin.proto.swift; sourceTree = "<group>"; };
		FA5AA0381F71ECEF00D925F5 /* GroupAddMember.proto.swift */ = {isa = PBXFileReference; lastKnownFileType = sourcecode.swift; path = GroupAddMember.proto.swift; sourceTree = "<group>"; };
		FA5AA0391F71ECEF00D925F5 /* GroupAddModerator.proto.swift */ = {isa = PBXFileReference; lastKnownFileType = sourcecode.swift; path = GroupAddModerator.proto.swift; sourceTree = "<group>"; };
		FA5AA03A1F71ECEF00D925F5 /* GroupAvatarAdd.proto.swift */ = {isa = PBXFileReference; lastKnownFileType = sourcecode.swift; path = GroupAvatarAdd.proto.swift; sourceTree = "<group>"; };
		FA5AA03B1F71ECEF00D925F5 /* GroupAvatarDelete.proto.swift */ = {isa = PBXFileReference; lastKnownFileType = sourcecode.swift; path = GroupAvatarDelete.proto.swift; sourceTree = "<group>"; };
		FA5AA03C1F71ECEF00D925F5 /* GroupAvatarGetList.proto.swift */ = {isa = PBXFileReference; lastKnownFileType = sourcecode.swift; path = GroupAvatarGetList.proto.swift; sourceTree = "<group>"; };
		FA5AA03D1F71ECEF00D925F5 /* GroupCheckUsername.proto.swift */ = {isa = PBXFileReference; lastKnownFileType = sourcecode.swift; path = GroupCheckUsername.proto.swift; sourceTree = "<group>"; };
		FA5AA03E1F71ECEF00D925F5 /* GroupClearMessage.proto.swift */ = {isa = PBXFileReference; lastKnownFileType = sourcecode.swift; path = GroupClearMessage.proto.swift; sourceTree = "<group>"; };
		FA5AA03F1F71ECEF00D925F5 /* GroupCreate.proto.swift */ = {isa = PBXFileReference; lastKnownFileType = sourcecode.swift; path = GroupCreate.proto.swift; sourceTree = "<group>"; };
		FA5AA0401F71ECEF00D925F5 /* GroupDelete.proto.swift */ = {isa = PBXFileReference; lastKnownFileType = sourcecode.swift; path = GroupDelete.proto.swift; sourceTree = "<group>"; };
		FA5AA0411F71ECEF00D925F5 /* GroupDeleteMessage.proto.swift */ = {isa = PBXFileReference; lastKnownFileType = sourcecode.swift; path = GroupDeleteMessage.proto.swift; sourceTree = "<group>"; };
		FA5AA0421F71ECEF00D925F5 /* GroupEdit.proto.swift */ = {isa = PBXFileReference; lastKnownFileType = sourcecode.swift; path = GroupEdit.proto.swift; sourceTree = "<group>"; };
		FA5AA0431F71ECEF00D925F5 /* GroupEditMessage.proto.swift */ = {isa = PBXFileReference; lastKnownFileType = sourcecode.swift; path = GroupEditMessage.proto.swift; sourceTree = "<group>"; };
		FA5AA0441F71ECEF00D925F5 /* GroupGetDraft.proto.swift */ = {isa = PBXFileReference; lastKnownFileType = sourcecode.swift; path = GroupGetDraft.proto.swift; sourceTree = "<group>"; };
		FA5AA0451F71ECEF00D925F5 /* GroupGetMemberList.proto.swift */ = {isa = PBXFileReference; lastKnownFileType = sourcecode.swift; path = GroupGetMemberList.proto.swift; sourceTree = "<group>"; };
		FA5AA0461F71ECEF00D925F5 /* GroupKickAdmin.proto.swift */ = {isa = PBXFileReference; lastKnownFileType = sourcecode.swift; path = GroupKickAdmin.proto.swift; sourceTree = "<group>"; };
		FA5AA0471F71ECEF00D925F5 /* GroupKickMember.proto.swift */ = {isa = PBXFileReference; lastKnownFileType = sourcecode.swift; path = GroupKickMember.proto.swift; sourceTree = "<group>"; };
		FA5AA0481F71ECEF00D925F5 /* GroupKickModerator.proto.swift */ = {isa = PBXFileReference; lastKnownFileType = sourcecode.swift; path = GroupKickModerator.proto.swift; sourceTree = "<group>"; };
		FA5AA0491F71ECEF00D925F5 /* GroupLeft.proto.swift */ = {isa = PBXFileReference; lastKnownFileType = sourcecode.swift; path = GroupLeft.proto.swift; sourceTree = "<group>"; };
		FA5AA04A1F71ECEF00D925F5 /* GroupRemoveUsername.proto.swift */ = {isa = PBXFileReference; lastKnownFileType = sourcecode.swift; path = GroupRemoveUsername.proto.swift; sourceTree = "<group>"; };
		FA5AA04B1F71ECEF00D925F5 /* GroupRevokeLink.proto.swift */ = {isa = PBXFileReference; lastKnownFileType = sourcecode.swift; path = GroupRevokeLink.proto.swift; sourceTree = "<group>"; };
		FA5AA04C1F71ECEF00D925F5 /* GroupSendMessage.proto.swift */ = {isa = PBXFileReference; lastKnownFileType = sourcecode.swift; path = GroupSendMessage.proto.swift; sourceTree = "<group>"; };
		FA5AA04D1F71ECEF00D925F5 /* GroupSetAction.proto.swift */ = {isa = PBXFileReference; lastKnownFileType = sourcecode.swift; path = GroupSetAction.proto.swift; sourceTree = "<group>"; };
		FA5AA04E1F71ECEF00D925F5 /* GroupUpdateDraft.proto.swift */ = {isa = PBXFileReference; lastKnownFileType = sourcecode.swift; path = GroupUpdateDraft.proto.swift; sourceTree = "<group>"; };
		FA5AA04F1F71ECEF00D925F5 /* GroupUpdateStatus.proto.swift */ = {isa = PBXFileReference; lastKnownFileType = sourcecode.swift; path = GroupUpdateStatus.proto.swift; sourceTree = "<group>"; };
		FA5AA0501F71ECEF00D925F5 /* GroupUpdateUsername.proto.swift */ = {isa = PBXFileReference; lastKnownFileType = sourcecode.swift; path = GroupUpdateUsername.proto.swift; sourceTree = "<group>"; };
		FA5AA0511F71ECEF00D925F5 /* Heartbeat.proto.swift */ = {isa = PBXFileReference; lastKnownFileType = sourcecode.swift; path = Heartbeat.proto.swift; sourceTree = "<group>"; };
		FA5AA0521F71ECEF00D925F5 /* InfoCountry.proto.swift */ = {isa = PBXFileReference; lastKnownFileType = sourcecode.swift; path = InfoCountry.proto.swift; sourceTree = "<group>"; };
		FA5AA0531F71ECEF00D925F5 /* InfoLocation.proto.swift */ = {isa = PBXFileReference; lastKnownFileType = sourcecode.swift; path = InfoLocation.proto.swift; sourceTree = "<group>"; };
		FA5AA0541F71ECEF00D925F5 /* InfoPage.proto.swift */ = {isa = PBXFileReference; lastKnownFileType = sourcecode.swift; path = InfoPage.proto.swift; sourceTree = "<group>"; };
		FA5AA0551F71ECEF00D925F5 /* InfoTime.proto.swift */ = {isa = PBXFileReference; lastKnownFileType = sourcecode.swift; path = InfoTime.proto.swift; sourceTree = "<group>"; };
		FA5AA0561F71ECEF00D925F5 /* InfoWallpaper.proto.swift */ = {isa = PBXFileReference; lastKnownFileType = sourcecode.swift; path = InfoWallpaper.proto.swift; sourceTree = "<group>"; };
		FA5AA0571F71ECEF00D925F5 /* PushLoginToken.proto.swift */ = {isa = PBXFileReference; lastKnownFileType = sourcecode.swift; path = PushLoginToken.proto.swift; sourceTree = "<group>"; };
		FA5AA0581F71ECEF00D925F5 /* PushRateSignaling.proto.swift */ = {isa = PBXFileReference; lastKnownFileType = sourcecode.swift; path = PushRateSignaling.proto.swift; sourceTree = "<group>"; };
		FA5AA0591F71ECEF00D925F5 /* PushTwoStepVerification.proto.swift */ = {isa = PBXFileReference; lastKnownFileType = sourcecode.swift; path = PushTwoStepVerification.proto.swift; sourceTree = "<group>"; };
		FA5AA05A1F71ECEF00D925F5 /* PushUserInfoExpired.proto.swift */ = {isa = PBXFileReference; lastKnownFileType = sourcecode.swift; path = PushUserInfoExpired.proto.swift; sourceTree = "<group>"; };
		FA5AA05B1F71ECEF00D925F5 /* QrCodeAddContact.proto.swift */ = {isa = PBXFileReference; lastKnownFileType = sourcecode.swift; path = QrCodeAddContact.proto.swift; sourceTree = "<group>"; };
		FA5AA05C1F71ECEF00D925F5 /* QrCodeAddMe.proto.swift */ = {isa = PBXFileReference; lastKnownFileType = sourcecode.swift; path = QrCodeAddMe.proto.swift; sourceTree = "<group>"; };
		FA5AA05D1F71ECEF00D925F5 /* QrCodeJoin.proto.swift */ = {isa = PBXFileReference; lastKnownFileType = sourcecode.swift; path = QrCodeJoin.proto.swift; sourceTree = "<group>"; };
		FA5AA05E1F71ECEF00D925F5 /* QrCodeNewDevice.proto.swift */ = {isa = PBXFileReference; lastKnownFileType = sourcecode.swift; path = QrCodeNewDevice.proto.swift; sourceTree = "<group>"; };
		FA5AA05F1F71ECEF00D925F5 /* QrCodeResolve.proto.swift */ = {isa = PBXFileReference; lastKnownFileType = sourcecode.swift; path = QrCodeResolve.proto.swift; sourceTree = "<group>"; };
		FA5AA0621F71ECEF00D925F5 /* SignalingAccept.proto.swift */ = {isa = PBXFileReference; lastKnownFileType = sourcecode.swift; path = SignalingAccept.proto.swift; sourceTree = "<group>"; };
		FA5AA0631F71ECEF00D925F5 /* SignalingCandidate.proto.swift */ = {isa = PBXFileReference; lastKnownFileType = sourcecode.swift; path = SignalingCandidate.proto.swift; sourceTree = "<group>"; };
		FA5AA0641F71ECEF00D925F5 /* SignalingClearLog.proto.swift */ = {isa = PBXFileReference; lastKnownFileType = sourcecode.swift; path = SignalingClearLog.proto.swift; sourceTree = "<group>"; };
		FA5AA0651F71ECEF00D925F5 /* SignalingGetConfiguration.proto.swift */ = {isa = PBXFileReference; lastKnownFileType = sourcecode.swift; path = SignalingGetConfiguration.proto.swift; sourceTree = "<group>"; };
		FA5AA0661F71ECEF00D925F5 /* SignalingGetLog.proto.swift */ = {isa = PBXFileReference; lastKnownFileType = sourcecode.swift; path = SignalingGetLog.proto.swift; sourceTree = "<group>"; };
		FA5AA0671F71ECEF00D925F5 /* SignalingLeave.proto.swift */ = {isa = PBXFileReference; lastKnownFileType = sourcecode.swift; path = SignalingLeave.proto.swift; sourceTree = "<group>"; };
		FA5AA0681F71ECEF00D925F5 /* SignalingOffer.proto.swift */ = {isa = PBXFileReference; lastKnownFileType = sourcecode.swift; path = SignalingOffer.proto.swift; sourceTree = "<group>"; };
		FA5AA0691F71ECEF00D925F5 /* SignalingRate.proto.swift */ = {isa = PBXFileReference; lastKnownFileType = sourcecode.swift; path = SignalingRate.proto.swift; sourceTree = "<group>"; };
		FA5AA06A1F71ECEF00D925F5 /* SignalingRinging.proto.swift */ = {isa = PBXFileReference; lastKnownFileType = sourcecode.swift; path = SignalingRinging.proto.swift; sourceTree = "<group>"; };
		FA5AA06B1F71ECEF00D925F5 /* SignalingSessionHold.proto.swift */ = {isa = PBXFileReference; lastKnownFileType = sourcecode.swift; path = SignalingSessionHold.proto.swift; sourceTree = "<group>"; };
		FA5AA06C1F71ECEF00D925F5 /* UserAvatarAdd.proto.swift */ = {isa = PBXFileReference; lastKnownFileType = sourcecode.swift; path = UserAvatarAdd.proto.swift; sourceTree = "<group>"; };
		FA5AA06D1F71ECEF00D925F5 /* UserAvatarDelete.proto.swift */ = {isa = PBXFileReference; lastKnownFileType = sourcecode.swift; path = UserAvatarDelete.proto.swift; sourceTree = "<group>"; };
		FA5AA06E1F71ECEF00D925F5 /* UserAvatarGetList.proto.swift */ = {isa = PBXFileReference; lastKnownFileType = sourcecode.swift; path = UserAvatarGetList.proto.swift; sourceTree = "<group>"; };
		FA5AA06F1F71ECEF00D925F5 /* UserContactsBlock.proto.swift */ = {isa = PBXFileReference; lastKnownFileType = sourcecode.swift; path = UserContactsBlock.proto.swift; sourceTree = "<group>"; };
		FA5AA0701F71ECEF00D925F5 /* UserContactsDelete.proto.swift */ = {isa = PBXFileReference; lastKnownFileType = sourcecode.swift; path = UserContactsDelete.proto.swift; sourceTree = "<group>"; };
		FA5AA0711F71ECEF00D925F5 /* UserContactsEdit.proto.swift */ = {isa = PBXFileReference; lastKnownFileType = sourcecode.swift; path = UserContactsEdit.proto.swift; sourceTree = "<group>"; };
		FA5AA0721F71ECEF00D925F5 /* UserContactsGetBlockedList.proto.swift */ = {isa = PBXFileReference; lastKnownFileType = sourcecode.swift; path = UserContactsGetBlockedList.proto.swift; sourceTree = "<group>"; };
		FA5AA0731F71ECEF00D925F5 /* UserContactsGetList.proto.swift */ = {isa = PBXFileReference; lastKnownFileType = sourcecode.swift; path = UserContactsGetList.proto.swift; sourceTree = "<group>"; };
		FA5AA0741F71ECEF00D925F5 /* UserContactsImport.proto.swift */ = {isa = PBXFileReference; lastKnownFileType = sourcecode.swift; path = UserContactsImport.proto.swift; sourceTree = "<group>"; };
		FA5AA0751F71ECEF00D925F5 /* UserContactsUnblock.proto.swift */ = {isa = PBXFileReference; lastKnownFileType = sourcecode.swift; path = UserContactsUnblock.proto.swift; sourceTree = "<group>"; };
		FA5AA0761F71ECEF00D925F5 /* UserDelete.proto.swift */ = {isa = PBXFileReference; lastKnownFileType = sourcecode.swift; path = UserDelete.proto.swift; sourceTree = "<group>"; };
		FA5AA0771F71ECEF00D925F5 /* UserGetDeleteToken.proto.swift */ = {isa = PBXFileReference; lastKnownFileType = sourcecode.swift; path = UserGetDeleteToken.proto.swift; sourceTree = "<group>"; };
		FA5AA0781F71ECEF00D925F5 /* UserInfo.proto.swift */ = {isa = PBXFileReference; lastKnownFileType = sourcecode.swift; path = UserInfo.proto.swift; sourceTree = "<group>"; };
		FA5AA0791F71ECEF00D925F5 /* UserLogin.proto.swift */ = {isa = PBXFileReference; lastKnownFileType = sourcecode.swift; path = UserLogin.proto.swift; sourceTree = "<group>"; };
		FA5AA07A1F71ECEF00D925F5 /* UserPrivacyGetRule.proto.swift */ = {isa = PBXFileReference; lastKnownFileType = sourcecode.swift; path = UserPrivacyGetRule.proto.swift; sourceTree = "<group>"; };
		FA5AA07B1F71ECEF00D925F5 /* UserPrivacySetRule.proto.swift */ = {isa = PBXFileReference; lastKnownFileType = sourcecode.swift; path = UserPrivacySetRule.proto.swift; sourceTree = "<group>"; };
		FA5AA07C1F71ECEF00D925F5 /* UserProfileCheckUsername.proto.swift */ = {isa = PBXFileReference; lastKnownFileType = sourcecode.swift; path = UserProfileCheckUsername.proto.swift; sourceTree = "<group>"; };
		FA5AA07D1F71ECEF00D925F5 /* UserProfileGetEmail.proto.swift */ = {isa = PBXFileReference; lastKnownFileType = sourcecode.swift; path = UserProfileGetEmail.proto.swift; sourceTree = "<group>"; };
		FA5AA07E1F71ECEF00D925F5 /* UserProfileGetGender.proto.swift */ = {isa = PBXFileReference; lastKnownFileType = sourcecode.swift; path = UserProfileGetGender.proto.swift; sourceTree = "<group>"; };
		FA5AA07F1F71ECEF00D925F5 /* UserProfileGetNickname.proto.swift */ = {isa = PBXFileReference; lastKnownFileType = sourcecode.swift; path = UserProfileGetNickname.proto.swift; sourceTree = "<group>"; };
		FA5AA0801F71ECEF00D925F5 /* UserProfileGetSelfRemove.proto.swift */ = {isa = PBXFileReference; lastKnownFileType = sourcecode.swift; path = UserProfileGetSelfRemove.proto.swift; sourceTree = "<group>"; };
		FA5AA0811F71ECEF00D925F5 /* UserProfileSetEmail.proto.swift */ = {isa = PBXFileReference; lastKnownFileType = sourcecode.swift; path = UserProfileSetEmail.proto.swift; sourceTree = "<group>"; };
		FA5AA0821F71ECEF00D925F5 /* UserProfileSetGender.proto.swift */ = {isa = PBXFileReference; lastKnownFileType = sourcecode.swift; path = UserProfileSetGender.proto.swift; sourceTree = "<group>"; };
		FA5AA0831F71ECEF00D925F5 /* UserProfileSetNickname.proto.swift */ = {isa = PBXFileReference; lastKnownFileType = sourcecode.swift; path = UserProfileSetNickname.proto.swift; sourceTree = "<group>"; };
		FA5AA0841F71ECEF00D925F5 /* UserProfileSetSelfRemove.proto.swift */ = {isa = PBXFileReference; lastKnownFileType = sourcecode.swift; path = UserProfileSetSelfRemove.proto.swift; sourceTree = "<group>"; };
		FA5AA0851F71ECEF00D925F5 /* UserProfileUpdateUsername.proto.swift */ = {isa = PBXFileReference; lastKnownFileType = sourcecode.swift; path = UserProfileUpdateUsername.proto.swift; sourceTree = "<group>"; };
		FA5AA0861F71ECEF00D925F5 /* UserRegister.proto.swift */ = {isa = PBXFileReference; lastKnownFileType = sourcecode.swift; path = UserRegister.proto.swift; sourceTree = "<group>"; };
		FA5AA0871F71ECEF00D925F5 /* UserSessionGetActiveList.proto.swift */ = {isa = PBXFileReference; lastKnownFileType = sourcecode.swift; path = UserSessionGetActiveList.proto.swift; sourceTree = "<group>"; };
		FA5AA0881F71ECEF00D925F5 /* UserSessionLogout.proto.swift */ = {isa = PBXFileReference; lastKnownFileType = sourcecode.swift; path = UserSessionLogout.proto.swift; sourceTree = "<group>"; };
		FA5AA0891F71ECEF00D925F5 /* UserSessionTerminate.proto.swift */ = {isa = PBXFileReference; lastKnownFileType = sourcecode.swift; path = UserSessionTerminate.proto.swift; sourceTree = "<group>"; };
		FA5AA08A1F71ECEF00D925F5 /* UserTwoStepVerificationChangeHint.proto.swift */ = {isa = PBXFileReference; lastKnownFileType = sourcecode.swift; path = UserTwoStepVerificationChangeHint.proto.swift; sourceTree = "<group>"; };
		FA5AA08B1F71ECEF00D925F5 /* UserTwoStepVerificationChangeRecoveryEmail.proto.swift */ = {isa = PBXFileReference; lastKnownFileType = sourcecode.swift; path = UserTwoStepVerificationChangeRecoveryEmail.proto.swift; sourceTree = "<group>"; };
		FA5AA08C1F71ECEF00D925F5 /* UserTwoStepVerificationChangeRecoveryQuestion.proto.swift */ = {isa = PBXFileReference; lastKnownFileType = sourcecode.swift; path = UserTwoStepVerificationChangeRecoveryQuestion.proto.swift; sourceTree = "<group>"; };
		FA5AA08D1F71ECEF00D925F5 /* UserTwoStepVerificationCheckPassword.proto.swift */ = {isa = PBXFileReference; lastKnownFileType = sourcecode.swift; path = UserTwoStepVerificationCheckPassword.proto.swift; sourceTree = "<group>"; };
		FA5AA08E1F71ECEF00D925F5 /* UserTwoStepVerificationGetPasswordDetail.proto.swift */ = {isa = PBXFileReference; lastKnownFileType = sourcecode.swift; path = UserTwoStepVerificationGetPasswordDetail.proto.swift; sourceTree = "<group>"; };
		FA5AA08F1F71ECEF00D925F5 /* UserTwoStepVerificationRecoverPasswordByAnswers.proto.swift */ = {isa = PBXFileReference; lastKnownFileType = sourcecode.swift; path = UserTwoStepVerificationRecoverPasswordByAnswers.proto.swift; sourceTree = "<group>"; };
		FA5AA0901F71ECEF00D925F5 /* UserTwoStepVerificationRecoverPasswordByToken.proto.swift */ = {isa = PBXFileReference; lastKnownFileType = sourcecode.swift; path = UserTwoStepVerificationRecoverPasswordByToken.proto.swift; sourceTree = "<group>"; };
		FA5AA0911F71ECEF00D925F5 /* UserTwoStepVerificationRequestRecoveryToken.proto.swift */ = {isa = PBXFileReference; lastKnownFileType = sourcecode.swift; path = UserTwoStepVerificationRequestRecoveryToken.proto.swift; sourceTree = "<group>"; };
		FA5AA0921F71ECEF00D925F5 /* UserTwoStepVerificationResendVerifyEmail.proto.swift */ = {isa = PBXFileReference; lastKnownFileType = sourcecode.swift; path = UserTwoStepVerificationResendVerifyEmail.proto.swift; sourceTree = "<group>"; };
		FA5AA0931F71ECEF00D925F5 /* UserTwoStepVerificationSetPassword.proto.swift */ = {isa = PBXFileReference; lastKnownFileType = sourcecode.swift; path = UserTwoStepVerificationSetPassword.proto.swift; sourceTree = "<group>"; };
		FA5AA0941F71ECEF00D925F5 /* UserTwoStepVerificationUnsetPassword.proto.swift */ = {isa = PBXFileReference; lastKnownFileType = sourcecode.swift; path = UserTwoStepVerificationUnsetPassword.proto.swift; sourceTree = "<group>"; };
		FA5AA0951F71ECEF00D925F5 /* UserTwoStepVerificationVerifyPassword.proto.swift */ = {isa = PBXFileReference; lastKnownFileType = sourcecode.swift; path = UserTwoStepVerificationVerifyPassword.proto.swift; sourceTree = "<group>"; };
		FA5AA0961F71ECEF00D925F5 /* UserTwoStepVerificationVerifyRecoveryEmail.proto.swift */ = {isa = PBXFileReference; lastKnownFileType = sourcecode.swift; path = UserTwoStepVerificationVerifyRecoveryEmail.proto.swift; sourceTree = "<group>"; };
		FA5AA0971F71ECEF00D925F5 /* UserUpdateStatus.proto.swift */ = {isa = PBXFileReference; lastKnownFileType = sourcecode.swift; path = UserUpdateStatus.proto.swift; sourceTree = "<group>"; };
		FA5AA0981F71ECEF00D925F5 /* UserUsernameToId.proto.swift */ = {isa = PBXFileReference; lastKnownFileType = sourcecode.swift; path = UserUsernameToId.proto.swift; sourceTree = "<group>"; };
		FA5AA0991F71ECEF00D925F5 /* UserVerify.proto.swift */ = {isa = PBXFileReference; lastKnownFileType = sourcecode.swift; path = UserVerify.proto.swift; sourceTree = "<group>"; };
		FA5AA09A1F71ECEF00D925F5 /* UserVerifyNewDevice.proto.swift */ = {isa = PBXFileReference; lastKnownFileType = sourcecode.swift; path = UserVerifyNewDevice.proto.swift; sourceTree = "<group>"; };
		FA7638291E2FFD5E00C24391 /* IGProtoBuff.framework */ = {isa = PBXFileReference; explicitFileType = wrapper.framework; includeInIndex = 0; path = IGProtoBuff.framework; sourceTree = BUILT_PRODUCTS_DIR; };
		FA76382C1E2FFD5E00C24391 /* IGProtoBuff.h */ = {isa = PBXFileReference; lastKnownFileType = sourcecode.c.h; path = IGProtoBuff.h; sourceTree = "<group>"; };
		FA76382D1E2FFD5E00C24391 /* Info.plist */ = {isa = PBXFileReference; lastKnownFileType = text.plist.xml; path = Info.plist; sourceTree = "<group>"; };
		FA7638351E2FFFD200C24391 /* ProtocolBuffers.framework */ = {isa = PBXFileReference; lastKnownFileType = wrapper.framework; name = ProtocolBuffers.framework; path = Carthage/Build/iOS/ProtocolBuffers.framework; sourceTree = "<group>"; };
/* End PBXFileReference section */

/* Begin PBXFrameworksBuildPhase section */
		FA7638251E2FFD5E00C24391 /* Frameworks */ = {
			isa = PBXFrameworksBuildPhase;
			buildActionMask = 2147483647;
			files = (
				FA7638361E2FFFD200C24391 /* ProtocolBuffers.framework in Frameworks */,
			);
			runOnlyForDeploymentPostprocessing = 0;
		};
/* End PBXFrameworksBuildPhase section */

/* Begin PBXGroup section */
		FA5A9FF11F71ECEF00D925F5 /* ProtoBuffs */ = {
			isa = PBXGroup;
			children = (
				FA5A9FF21F71ECEF00D925F5 /* ChannelAddAdmin.proto.swift */,
				FA5A9FF31F71ECEF00D925F5 /* ChannelAddMember.proto.swift */,
				FA5A9FF41F71ECEF00D925F5 /* ChannelAddMessageReaction.proto.swift */,
				FA5A9FF51F71ECEF00D925F5 /* ChannelAddModerator.proto.swift */,
				FA5A9FF61F71ECEF00D925F5 /* ChannelAvatarAdd.proto.swift */,
				FA5A9FF71F71ECEF00D925F5 /* ChannelAvatarDelete.proto.swift */,
				FA5A9FF81F71ECEF00D925F5 /* ChannelAvatarGetList.proto.swift */,
				FA5A9FF91F71ECEF00D925F5 /* ChannelCheckUsername.proto.swift */,
				FA5A9FFA1F71ECEF00D925F5 /* ChannelCreate.proto.swift */,
				FA5A9FFB1F71ECEF00D925F5 /* ChannelDelete.proto.swift */,
				FA5A9FFC1F71ECEF00D925F5 /* ChannelDeleteMessage.proto.swift */,
				FA5A9FFD1F71ECEF00D925F5 /* ChannelEdit.proto.swift */,
				FA5A9FFE1F71ECEF00D925F5 /* ChannelEditMessage.proto.swift */,
				FA5A9FFF1F71ECEF00D925F5 /* ChannelGetDraft.proto.swift */,
				FA5AA0001F71ECEF00D925F5 /* ChannelGetMemberList.proto.swift */,
				FA5AA0011F71ECEF00D925F5 /* ChannelGetMessagesStats.proto.swift */,
				FA5AA0021F71ECEF00D925F5 /* ChannelKickAdmin.proto.swift */,
				FA5AA0031F71ECEF00D925F5 /* ChannelKickMember.proto.swift */,
				FA5AA0041F71ECEF00D925F5 /* ChannelKickModerator.proto.swift */,
				FA5AA0051F71ECEF00D925F5 /* ChannelLeft.proto.swift */,
				FA5AA0061F71ECEF00D925F5 /* ChannelRemoveUsername.proto.swift */,
				FA5AA0071F71ECEF00D925F5 /* ChannelRevokeLink.proto.swift */,
				FA5AA0081F71ECEF00D925F5 /* ChannelSendMessage.proto.swift */,
				FA5AA0091F71ECEF00D925F5 /* ChannelSetAction.proto.swift */,
				FA5AA00A1F71ECEF00D925F5 /* ChannelUpdateDraft.proto.swift */,
				FA5AA00B1F71ECEF00D925F5 /* ChannelUpdateSignature.proto.swift */,
				FA5AA00C1F71ECEF00D925F5 /* ChannelUpdateUsername.proto.swift */,
				FA5AA00D1F71ECEF00D925F5 /* ChatClearMessage.proto.swift */,
				FA5AA00E1F71ECEF00D925F5 /* ChatConvertToGroup.proto.swift */,
				FA5AA00F1F71ECEF00D925F5 /* ChatDelete.proto.swift */,
				FA5AA0101F71ECEF00D925F5 /* ChatDeleteMessage.proto.swift */,
				FA5AA0111F71ECEF00D925F5 /* ChatEditMessage.proto.swift */,
				FA5AA0121F71ECEF00D925F5 /* ChatGetDraft.proto.swift */,
				FA5AA0131F71ECEF00D925F5 /* ChatGetRoom.proto.swift */,
				FA5AA0141F71ECEF00D925F5 /* ChatSendMessage.proto.swift */,
				FA5AA0151F71ECEF00D925F5 /* ChatSetAction.proto.swift */,
				FA5AA0161F71ECEF00D925F5 /* ChatUpdateDraft.proto.swift */,
				FA5AA0171F71ECEF00D925F5 /* ChatUpdateStatus.proto.swift */,
				FA5AA0181F71ECEF00D925F5 /* ClientCheckInviteLink.proto.swift */,
				FA5AA0191F71ECEF00D925F5 /* ClientCondition.proto.swift */,
				FA5AA01A1F71ECEF00D925F5 /* ClientCountRoomHistory.proto.swift */,
				FA5AA01B1F71ECEF00D925F5 /* ClientGetRoom.proto.swift */,
				FA5AA01C1F71ECEF00D925F5 /* ClientGetRoomHistory.proto.swift */,
				FA5AA01D1F71ECEF00D925F5 /* ClientGetRoomList.proto.swift */,
				FA5AA01E1F71ECEF00D925F5 /* ClientGetRoomMessage.proto.swift */,
				FA5AA01F1F71ECEF00D925F5 /* ClientJoinByInviteLink.proto.swift */,
				FA5AA0201F71ECEF00D925F5 /* ClientJoinByUsername.proto.swift */,
				FA5AA0211F71ECEF00D925F5 /* ClientResolveUsername.proto.swift */,
				FA5AA0221F71ECEF00D925F5 /* ClientSearchRoomHistory.proto.swift */,
				FA5AA0231F71ECEF00D925F5 /* ClientSearchUsername.proto.swift */,
				FA5AA0241F71ECEF00D925F5 /* ClientSubscribeToRoom.proto.swift */,
				FA5AA0251F71ECEF00D925F5 /* ClientUnsubscribeFromRoom.proto.swift */,
				FA5AA0261F71ECEF00D925F5 /* ConnectionSecuring.proto.swift */,
				FA5AA0271F71ECEF00D925F5 /* Error.proto.swift */,
				FA5AA0281F71ECEF00D925F5 /* FileDownload.proto.swift */,
				FA5AA0291F71ECEF00D925F5 /* FileInfo.proto.swift */,
				FA5AA02A1F71ECEF00D925F5 /* FileUpload.proto.swift */,
				FA5AA02B1F71ECEF00D925F5 /* FileUploadInit.proto.swift */,
				FA5AA02C1F71ECEF00D925F5 /* FileUploadOption.proto.swift */,
				FA5AA02D1F71ECEF00D925F5 /* FileUploadStatus.proto.swift */,
				FA5AA02E1F71ECEF00D925F5 /* GeoGetComment.proto.swift */,
				FA5AA02F1F71ECEF00D925F5 /* GeoGetConfiguration.proto.swift */,
				FA5AA0301F71ECEF00D925F5 /* GeoGetNearbyCoordinate.proto.swift */,
				FA5AA0311F71ECEF00D925F5 /* GeoGetNearbyDistance.proto.swift */,
				FA5AA0321F71ECEF00D925F5 /* GeoGetRegisterStatus.proto.swift */,
				FA5AA0331F71ECEF00D925F5 /* GeoRegister.proto.swift */,
				FA5AA0341F71ECEF00D925F5 /* GeoUpdateComment.proto.swift */,
				FA5AA0351F71ECEF00D925F5 /* GeoUpdatePosition.proto.swift */,
				FA5AA0361F71ECEF00D925F5 /* Global.proto.swift */,
				FA5AA0371F71ECEF00D925F5 /* GroupAddAdmin.proto.swift */,
				FA5AA0381F71ECEF00D925F5 /* GroupAddMember.proto.swift */,
				FA5AA0391F71ECEF00D925F5 /* GroupAddModerator.proto.swift */,
				FA5AA03A1F71ECEF00D925F5 /* GroupAvatarAdd.proto.swift */,
				FA5AA03B1F71ECEF00D925F5 /* GroupAvatarDelete.proto.swift */,
				FA5AA03C1F71ECEF00D925F5 /* GroupAvatarGetList.proto.swift */,
				FA5AA03D1F71ECEF00D925F5 /* GroupCheckUsername.proto.swift */,
				FA5AA03E1F71ECEF00D925F5 /* GroupClearMessage.proto.swift */,
				FA5AA03F1F71ECEF00D925F5 /* GroupCreate.proto.swift */,
				FA5AA0401F71ECEF00D925F5 /* GroupDelete.proto.swift */,
				FA5AA0411F71ECEF00D925F5 /* GroupDeleteMessage.proto.swift */,
				FA5AA0421F71ECEF00D925F5 /* GroupEdit.proto.swift */,
				FA5AA0431F71ECEF00D925F5 /* GroupEditMessage.proto.swift */,
				FA5AA0441F71ECEF00D925F5 /* GroupGetDraft.proto.swift */,
				FA5AA0451F71ECEF00D925F5 /* GroupGetMemberList.proto.swift */,
				FA5AA0461F71ECEF00D925F5 /* GroupKickAdmin.proto.swift */,
				FA5AA0471F71ECEF00D925F5 /* GroupKickMember.proto.swift */,
				FA5AA0481F71ECEF00D925F5 /* GroupKickModerator.proto.swift */,
				FA5AA0491F71ECEF00D925F5 /* GroupLeft.proto.swift */,
				FA5AA04A1F71ECEF00D925F5 /* GroupRemoveUsername.proto.swift */,
				FA5AA04B1F71ECEF00D925F5 /* GroupRevokeLink.proto.swift */,
				FA5AA04C1F71ECEF00D925F5 /* GroupSendMessage.proto.swift */,
				FA5AA04D1F71ECEF00D925F5 /* GroupSetAction.proto.swift */,
				FA5AA04E1F71ECEF00D925F5 /* GroupUpdateDraft.proto.swift */,
				FA5AA04F1F71ECEF00D925F5 /* GroupUpdateStatus.proto.swift */,
				FA5AA0501F71ECEF00D925F5 /* GroupUpdateUsername.proto.swift */,
				FA5AA0511F71ECEF00D925F5 /* Heartbeat.proto.swift */,
				FA5AA0521F71ECEF00D925F5 /* InfoCountry.proto.swift */,
				FA5AA0531F71ECEF00D925F5 /* InfoLocation.proto.swift */,
				FA5AA0541F71ECEF00D925F5 /* InfoPage.proto.swift */,
				FA5AA0551F71ECEF00D925F5 /* InfoTime.proto.swift */,
				FA5AA0561F71ECEF00D925F5 /* InfoWallpaper.proto.swift */,
				FA5AA0571F71ECEF00D925F5 /* PushLoginToken.proto.swift */,
				FA5AA0581F71ECEF00D925F5 /* PushRateSignaling.proto.swift */,
				FA5AA0591F71ECEF00D925F5 /* PushTwoStepVerification.proto.swift */,
				FA5AA05A1F71ECEF00D925F5 /* PushUserInfoExpired.proto.swift */,
				FA5AA05B1F71ECEF00D925F5 /* QrCodeAddContact.proto.swift */,
				FA5AA05C1F71ECEF00D925F5 /* QrCodeAddMe.proto.swift */,
				FA5AA05D1F71ECEF00D925F5 /* QrCodeJoin.proto.swift */,
				FA5AA05E1F71ECEF00D925F5 /* QrCodeNewDevice.proto.swift */,
				FA5AA05F1F71ECEF00D925F5 /* QrCodeResolve.proto.swift */,
				FA5AA0621F71ECEF00D925F5 /* SignalingAccept.proto.swift */,
				FA5AA0631F71ECEF00D925F5 /* SignalingCandidate.proto.swift */,
				FA5AA0641F71ECEF00D925F5 /* SignalingClearLog.proto.swift */,
				FA5AA0651F71ECEF00D925F5 /* SignalingGetConfiguration.proto.swift */,
				FA5AA0661F71ECEF00D925F5 /* SignalingGetLog.proto.swift */,
				FA5AA0671F71ECEF00D925F5 /* SignalingLeave.proto.swift */,
				FA5AA0681F71ECEF00D925F5 /* SignalingOffer.proto.swift */,
				FA5AA0691F71ECEF00D925F5 /* SignalingRate.proto.swift */,
				FA5AA06A1F71ECEF00D925F5 /* SignalingRinging.proto.swift */,
				FA5AA06B1F71ECEF00D925F5 /* SignalingSessionHold.proto.swift */,
				FA5AA06C1F71ECEF00D925F5 /* UserAvatarAdd.proto.swift */,
				FA5AA06D1F71ECEF00D925F5 /* UserAvatarDelete.proto.swift */,
				FA5AA06E1F71ECEF00D925F5 /* UserAvatarGetList.proto.swift */,
				FA5AA06F1F71ECEF00D925F5 /* UserContactsBlock.proto.swift */,
				FA5AA0701F71ECEF00D925F5 /* UserContactsDelete.proto.swift */,
				FA5AA0711F71ECEF00D925F5 /* UserContactsEdit.proto.swift */,
				FA5AA0721F71ECEF00D925F5 /* UserContactsGetBlockedList.proto.swift */,
				FA5AA0731F71ECEF00D925F5 /* UserContactsGetList.proto.swift */,
				FA5AA0741F71ECEF00D925F5 /* UserContactsImport.proto.swift */,
				FA5AA0751F71ECEF00D925F5 /* UserContactsUnblock.proto.swift */,
				FA5AA0761F71ECEF00D925F5 /* UserDelete.proto.swift */,
				FA5AA0771F71ECEF00D925F5 /* UserGetDeleteToken.proto.swift */,
				FA5AA0781F71ECEF00D925F5 /* UserInfo.proto.swift */,
				FA5AA0791F71ECEF00D925F5 /* UserLogin.proto.swift */,
				FA5AA07A1F71ECEF00D925F5 /* UserPrivacyGetRule.proto.swift */,
				FA5AA07B1F71ECEF00D925F5 /* UserPrivacySetRule.proto.swift */,
				FA5AA07C1F71ECEF00D925F5 /* UserProfileCheckUsername.proto.swift */,
				FA5AA07D1F71ECEF00D925F5 /* UserProfileGetEmail.proto.swift */,
				FA5AA07E1F71ECEF00D925F5 /* UserProfileGetGender.proto.swift */,
				FA5AA07F1F71ECEF00D925F5 /* UserProfileGetNickname.proto.swift */,
				FA5AA0801F71ECEF00D925F5 /* UserProfileGetSelfRemove.proto.swift */,
				FA5AA0811F71ECEF00D925F5 /* UserProfileSetEmail.proto.swift */,
				FA5AA0821F71ECEF00D925F5 /* UserProfileSetGender.proto.swift */,
				FA5AA0831F71ECEF00D925F5 /* UserProfileSetNickname.proto.swift */,
				FA5AA0841F71ECEF00D925F5 /* UserProfileSetSelfRemove.proto.swift */,
				FA5AA0851F71ECEF00D925F5 /* UserProfileUpdateUsername.proto.swift */,
				FA5AA0861F71ECEF00D925F5 /* UserRegister.proto.swift */,
				FA5AA0871F71ECEF00D925F5 /* UserSessionGetActiveList.proto.swift */,
				FA5AA0881F71ECEF00D925F5 /* UserSessionLogout.proto.swift */,
				FA5AA0891F71ECEF00D925F5 /* UserSessionTerminate.proto.swift */,
				FA5AA08A1F71ECEF00D925F5 /* UserTwoStepVerificationChangeHint.proto.swift */,
				FA5AA08B1F71ECEF00D925F5 /* UserTwoStepVerificationChangeRecoveryEmail.proto.swift */,
				FA5AA08C1F71ECEF00D925F5 /* UserTwoStepVerificationChangeRecoveryQuestion.proto.swift */,
				FA5AA08D1F71ECEF00D925F5 /* UserTwoStepVerificationCheckPassword.proto.swift */,
				FA5AA08E1F71ECEF00D925F5 /* UserTwoStepVerificationGetPasswordDetail.proto.swift */,
				FA5AA08F1F71ECEF00D925F5 /* UserTwoStepVerificationRecoverPasswordByAnswers.proto.swift */,
				FA5AA0901F71ECEF00D925F5 /* UserTwoStepVerificationRecoverPasswordByToken.proto.swift */,
				FA5AA0911F71ECEF00D925F5 /* UserTwoStepVerificationRequestRecoveryToken.proto.swift */,
				FA5AA0921F71ECEF00D925F5 /* UserTwoStepVerificationResendVerifyEmail.proto.swift */,
				FA5AA0931F71ECEF00D925F5 /* UserTwoStepVerificationSetPassword.proto.swift */,
				FA5AA0941F71ECEF00D925F5 /* UserTwoStepVerificationUnsetPassword.proto.swift */,
				FA5AA0951F71ECEF00D925F5 /* UserTwoStepVerificationVerifyPassword.proto.swift */,
				FA5AA0961F71ECEF00D925F5 /* UserTwoStepVerificationVerifyRecoveryEmail.proto.swift */,
				FA5AA0971F71ECEF00D925F5 /* UserUpdateStatus.proto.swift */,
				FA5AA0981F71ECEF00D925F5 /* UserUsernameToId.proto.swift */,
				FA5AA0991F71ECEF00D925F5 /* UserVerify.proto.swift */,
				FA5AA09A1F71ECEF00D925F5 /* UserVerifyNewDevice.proto.swift */,
			);
			path = ProtoBuffs;
			sourceTree = "<group>";
		};
		FA76381F1E2FFD5E00C24391 = {
			isa = PBXGroup;
			children = (
				FA76382B1E2FFD5E00C24391 /* IGProtoBuff */,
				FA76382A1E2FFD5E00C24391 /* Products */,
				FA7638341E2FFFD200C24391 /* Frameworks */,
			);
			sourceTree = "<group>";
		};
		FA76382A1E2FFD5E00C24391 /* Products */ = {
			isa = PBXGroup;
			children = (
				FA7638291E2FFD5E00C24391 /* IGProtoBuff.framework */,
			);
			name = Products;
			sourceTree = "<group>";
		};
		FA76382B1E2FFD5E00C24391 /* IGProtoBuff */ = {
			isa = PBXGroup;
			children = (
				FA5A9FF11F71ECEF00D925F5 /* ProtoBuffs */,
				FA76382C1E2FFD5E00C24391 /* IGProtoBuff.h */,
				FA76382D1E2FFD5E00C24391 /* Info.plist */,
			);
			path = IGProtoBuff;
			sourceTree = "<group>";
		};
		FA7638341E2FFFD200C24391 /* Frameworks */ = {
			isa = PBXGroup;
			children = (
				FA7638351E2FFFD200C24391 /* ProtocolBuffers.framework */,
			);
			name = Frameworks;
			sourceTree = "<group>";
		};
/* End PBXGroup section */

/* Begin PBXHeadersBuildPhase section */
		FA7638261E2FFD5E00C24391 /* Headers */ = {
			isa = PBXHeadersBuildPhase;
			buildActionMask = 2147483647;
			files = (
				FA76382E1E2FFD5E00C24391 /* IGProtoBuff.h in Headers */,
			);
			runOnlyForDeploymentPostprocessing = 0;
		};
/* End PBXHeadersBuildPhase section */

/* Begin PBXNativeTarget section */
		FA7638281E2FFD5E00C24391 /* IGProtoBuff */ = {
			isa = PBXNativeTarget;
			buildConfigurationList = FA7638311E2FFD5E00C24391 /* Build configuration list for PBXNativeTarget "IGProtoBuff" */;
			buildPhases = (
				FA7638241E2FFD5E00C24391 /* Sources */,
				FA7638251E2FFD5E00C24391 /* Frameworks */,
				FA7638261E2FFD5E00C24391 /* Headers */,
				FA7638271E2FFD5E00C24391 /* Resources */,
			);
			buildRules = (
			);
			dependencies = (
			);
			name = IGProtoBuff;
			productName = IGProtoBuff;
			productReference = FA7638291E2FFD5E00C24391 /* IGProtoBuff.framework */;
			productType = "com.apple.product-type.framework";
		};
/* End PBXNativeTarget section */

/* Begin PBXProject section */
		FA7638201E2FFD5E00C24391 /* Project object */ = {
			isa = PBXProject;
			attributes = {
				LastUpgradeCheck = 0820;
				ORGANIZATIONNAME = "RooyeKhat Media";
				TargetAttributes = {
					FA7638281E2FFD5E00C24391 = {
						CreatedOnToolsVersion = 8.2;
						ProvisioningStyle = Automatic;
					};
				};
			};
			buildConfigurationList = FA7638231E2FFD5E00C24391 /* Build configuration list for PBXProject "IGProtoBuff" */;
			compatibilityVersion = "Xcode 3.2";
			developmentRegion = English;
			hasScannedForEncodings = 0;
			knownRegions = (
				en,
			);
			mainGroup = FA76381F1E2FFD5E00C24391;
			productRefGroup = FA76382A1E2FFD5E00C24391 /* Products */;
			projectDirPath = "";
			projectRoot = "";
			targets = (
				FA7638281E2FFD5E00C24391 /* IGProtoBuff */,
			);
		};
/* End PBXProject section */

/* Begin PBXResourcesBuildPhase section */
		FA7638271E2FFD5E00C24391 /* Resources */ = {
			isa = PBXResourcesBuildPhase;
			buildActionMask = 2147483647;
			files = (
			);
			runOnlyForDeploymentPostprocessing = 0;
		};
/* End PBXResourcesBuildPhase section */

/* Begin PBXSourcesBuildPhase section */
		FA7638241E2FFD5E00C24391 /* Sources */ = {
			isa = PBXSourcesBuildPhase;
			buildActionMask = 2147483647;
			files = (
				FA5AA12A1F71ED4800D925F5 /* UserProfileSetEmail.proto.swift in Sources */,
				FA5AA0AA1F71ED4800D925F5 /* ChannelGetMessagesStats.proto.swift in Sources */,
				FA5AA0B11F71ED4800D925F5 /* ChannelSendMessage.proto.swift in Sources */,
				FA5AA0FA1F71ED4800D925F5 /* Heartbeat.proto.swift in Sources */,
				FA5AA0A81F71ED4800D925F5 /* ChannelGetDraft.proto.swift in Sources */,
				FA5AA13A1F71ED4800D925F5 /* UserTwoStepVerificationRequestRecoveryToken.proto.swift in Sources */,
				FA5AA0F51F71ED4800D925F5 /* GroupSendMessage.proto.swift in Sources */,
				FA5AA0F71F71ED4800D925F5 /* GroupUpdateDraft.proto.swift in Sources */,
				FA5AA0E51F71ED4800D925F5 /* GroupAvatarGetList.proto.swift in Sources */,
				FA5AA0BA1F71ED4800D925F5 /* ChatEditMessage.proto.swift in Sources */,
				FA5AA11E1F71ED4800D925F5 /* UserContactsUnblock.proto.swift in Sources */,
				FA5AA1231F71ED4800D925F5 /* UserPrivacyGetRule.proto.swift in Sources */,
				FA5AA0FD1F71ED4800D925F5 /* InfoPage.proto.swift in Sources */,
				FA5AA1021F71ED4800D925F5 /* PushTwoStepVerification.proto.swift in Sources */,
				FA5AA0DC1F71ED4800D925F5 /* GeoRegister.proto.swift in Sources */,
				FA5AA1111F71ED4800D925F5 /* SignalingOffer.proto.swift in Sources */,
				FA5AA0BE1F71ED4800D925F5 /* ChatSetAction.proto.swift in Sources */,
				FA5AA0A21F71ED4800D925F5 /* ChannelCheckUsername.proto.swift in Sources */,
				FA5AA0B21F71ED4800D925F5 /* ChannelSetAction.proto.swift in Sources */,
				FA5AA1321F71ED4800D925F5 /* UserSessionTerminate.proto.swift in Sources */,
				FA5AA10E1F71ED4800D925F5 /* SignalingGetConfiguration.proto.swift in Sources */,
				FA5AA0A51F71ED4800D925F5 /* ChannelDeleteMessage.proto.swift in Sources */,
				FA5AA1311F71ED4800D925F5 /* UserSessionLogout.proto.swift in Sources */,
				FA5AA0DA1F71ED4800D925F5 /* GeoGetNearbyDistance.proto.swift in Sources */,
				FA5AA0B81F71ED4800D925F5 /* ChatDelete.proto.swift in Sources */,
				FA5AA0BD1F71ED4800D925F5 /* ChatSendMessage.proto.swift in Sources */,
				FA5AA09D1F71ED4800D925F5 /* ChannelAddMessageReaction.proto.swift in Sources */,
				FA5AA0A11F71ED4800D925F5 /* ChannelAvatarGetList.proto.swift in Sources */,
				FA5AA0EB1F71ED4800D925F5 /* GroupEdit.proto.swift in Sources */,
				FA5AA0CC1F71ED4800D925F5 /* ClientSearchUsername.proto.swift in Sources */,
				FA5AA0EA1F71ED4800D925F5 /* GroupDeleteMessage.proto.swift in Sources */,
				FA5AA1331F71ED4800D925F5 /* UserTwoStepVerificationChangeHint.proto.swift in Sources */,
				FA5AA0F31F71ED4800D925F5 /* GroupRemoveUsername.proto.swift in Sources */,
				FA5AA0E71F71ED4800D925F5 /* GroupClearMessage.proto.swift in Sources */,
				FA5AA0FB1F71ED4800D925F5 /* InfoCountry.proto.swift in Sources */,
				FA5AA10D1F71ED4800D925F5 /* SignalingClearLog.proto.swift in Sources */,
				FA5AA1001F71ED4800D925F5 /* PushLoginToken.proto.swift in Sources */,
				FA5AA1171F71ED4800D925F5 /* UserAvatarGetList.proto.swift in Sources */,
				FA5AA1191F71ED4800D925F5 /* UserContactsDelete.proto.swift in Sources */,
				FA5AA0F81F71ED4800D925F5 /* GroupUpdateStatus.proto.swift in Sources */,
				FA5AA0E31F71ED4800D925F5 /* GroupAvatarAdd.proto.swift in Sources */,
				FA5AA13F1F71ED4800D925F5 /* UserTwoStepVerificationVerifyRecoveryEmail.proto.swift in Sources */,
				FA5AA0C41F71ED4800D925F5 /* ClientGetRoom.proto.swift in Sources */,
				FA5AA0FF1F71ED4800D925F5 /* InfoWallpaper.proto.swift in Sources */,
				FA5AA12D1F71ED4800D925F5 /* UserProfileSetSelfRemove.proto.swift in Sources */,
				FA5AA1031F71ED4800D925F5 /* PushUserInfoExpired.proto.swift in Sources */,
				FA5AA1371F71ED4800D925F5 /* UserTwoStepVerificationGetPasswordDetail.proto.swift in Sources */,
				FA5AA0AD1F71ED4800D925F5 /* ChannelKickModerator.proto.swift in Sources */,
				FA5AA12C1F71ED4800D925F5 /* UserProfileSetNickname.proto.swift in Sources */,
				FA5AA0F11F71ED4800D925F5 /* GroupKickModerator.proto.swift in Sources */,
				FA5AA0CE1F71ED4800D925F5 /* ClientUnsubscribeFromRoom.proto.swift in Sources */,
				FA5AA1181F71ED4800D925F5 /* UserContactsBlock.proto.swift in Sources */,
				FA5AA12B1F71ED4800D925F5 /* UserProfileSetGender.proto.swift in Sources */,
				FA5AA0C81F71ED4800D925F5 /* ClientJoinByInviteLink.proto.swift in Sources */,
				FA5AA0B71F71ED4800D925F5 /* ChatConvertToGroup.proto.swift in Sources */,
				FA5AA1281F71ED4800D925F5 /* UserProfileGetNickname.proto.swift in Sources */,
				FA5AA1391F71ED4800D925F5 /* UserTwoStepVerificationRecoverPasswordByToken.proto.swift in Sources */,
				FA5AA0D51F71ED4800D925F5 /* FileUploadOption.proto.swift in Sources */,
				FA5AA0E21F71ED4800D925F5 /* GroupAddModerator.proto.swift in Sources */,
				FA5AA11D1F71ED4800D925F5 /* UserContactsImport.proto.swift in Sources */,
				FA5AA0E81F71ED4800D925F5 /* GroupCreate.proto.swift in Sources */,
				FA5AA0AB1F71ED4800D925F5 /* ChannelKickAdmin.proto.swift in Sources */,
				FA5AA0A01F71ED4800D925F5 /* ChannelAvatarDelete.proto.swift in Sources */,
				FA5AA0A41F71ED4800D925F5 /* ChannelDelete.proto.swift in Sources */,
				FA5AA0BF1F71ED4800D925F5 /* ChatUpdateDraft.proto.swift in Sources */,
				FA5AA0DE1F71ED4800D925F5 /* GeoUpdatePosition.proto.swift in Sources */,
				FA5AA0F21F71ED4800D925F5 /* GroupLeft.proto.swift in Sources */,
				FA5AA10F1F71ED4800D925F5 /* SignalingGetLog.proto.swift in Sources */,
				FA5AA1161F71ED4800D925F5 /* UserAvatarDelete.proto.swift in Sources */,
				FA5AA0B51F71ED4800D925F5 /* ChannelUpdateUsername.proto.swift in Sources */,
				FA5AA0CB1F71ED4800D925F5 /* ClientSearchRoomHistory.proto.swift in Sources */,
				FA5AA1301F71ED4800D925F5 /* UserSessionGetActiveList.proto.swift in Sources */,
				FA5AA10B1F71ED4800D925F5 /* SignalingAccept.proto.swift in Sources */,
				FA5AA09F1F71ED4800D925F5 /* ChannelAvatarAdd.proto.swift in Sources */,
				FA5AA0F41F71ED4800D925F5 /* GroupRevokeLink.proto.swift in Sources */,
				FA5AA0B31F71ED4800D925F5 /* ChannelUpdateDraft.proto.swift in Sources */,
				FA5AA11B1F71ED4800D925F5 /* UserContactsGetBlockedList.proto.swift in Sources */,
				FA5AA0EC1F71ED4800D925F5 /* GroupEditMessage.proto.swift in Sources */,
				FA5AA11A1F71ED4800D925F5 /* UserContactsEdit.proto.swift in Sources */,
				FA5AA1081F71ED4800D925F5 /* QrCodeResolve.proto.swift in Sources */,
				FA5AA1221F71ED4800D925F5 /* UserLogin.proto.swift in Sources */,
				FA5AA0E11F71ED4800D925F5 /* GroupAddMember.proto.swift in Sources */,
				FA5AA0D41F71ED4800D925F5 /* FileUploadInit.proto.swift in Sources */,
				FA5AA0CA1F71ED4800D925F5 /* ClientResolveUsername.proto.swift in Sources */,
				FA5AA1431F71ED4800D925F5 /* UserVerifyNewDevice.proto.swift in Sources */,
				FA5AA0A61F71ED4800D925F5 /* ChannelEdit.proto.swift in Sources */,
				FA5AA13C1F71ED4800D925F5 /* UserTwoStepVerificationSetPassword.proto.swift in Sources */,
				FA5AA1241F71ED4800D925F5 /* UserPrivacySetRule.proto.swift in Sources */,
				FA5AA1361F71ED4800D925F5 /* UserTwoStepVerificationCheckPassword.proto.swift in Sources */,
				FA5AA1121F71ED4800D925F5 /* SignalingRate.proto.swift in Sources */,
				FA5AA0BC1F71ED4800D925F5 /* ChatGetRoom.proto.swift in Sources */,
				FA5AA1271F71ED4800D925F5 /* UserProfileGetGender.proto.swift in Sources */,
				FA5AA13E1F71ED4800D925F5 /* UserTwoStepVerificationVerifyPassword.proto.swift in Sources */,
				FA5AA0E41F71ED4800D925F5 /* GroupAvatarDelete.proto.swift in Sources */,
				FA5AA0AE1F71ED4800D925F5 /* ChannelLeft.proto.swift in Sources */,
				FA5AA1141F71ED4800D925F5 /* SignalingSessionHold.proto.swift in Sources */,
				FA5AA1401F71ED4800D925F5 /* UserUpdateStatus.proto.swift in Sources */,
				FA5AA0D71F71ED4800D925F5 /* GeoGetComment.proto.swift in Sources */,
				FA5AA0EF1F71ED4800D925F5 /* GroupKickAdmin.proto.swift in Sources */,
				FA5AA0B61F71ED4800D925F5 /* ChatClearMessage.proto.swift in Sources */,
				FA5AA09B1F71ED4800D925F5 /* ChannelAddAdmin.proto.swift in Sources */,
				FA5AA0B91F71ED4800D925F5 /* ChatDeleteMessage.proto.swift in Sources */,
				FA5AA1261F71ED4800D925F5 /* UserProfileGetEmail.proto.swift in Sources */,
				FA5AA0AF1F71ED4800D925F5 /* ChannelRemoveUsername.proto.swift in Sources */,
				FA5AA09C1F71ED4800D925F5 /* ChannelAddMember.proto.swift in Sources */,
				FA5AA09E1F71ED4800D925F5 /* ChannelAddModerator.proto.swift in Sources */,
				FA5AA1251F71ED4800D925F5 /* UserProfileCheckUsername.proto.swift in Sources */,
				FA5AA1291F71ED4800D925F5 /* UserProfileGetSelfRemove.proto.swift in Sources */,
				FA5AA0DB1F71ED4800D925F5 /* GeoGetRegisterStatus.proto.swift in Sources */,
				FA5AA12E1F71ED4800D925F5 /* UserProfileUpdateUsername.proto.swift in Sources */,
				FA5AA0C21F71ED4800D925F5 /* ClientCondition.proto.swift in Sources */,
				FA5AA11C1F71ED4800D925F5 /* UserContactsGetList.proto.swift in Sources */,
				FA5AA1061F71ED4800D925F5 /* QrCodeJoin.proto.swift in Sources */,
				FA5AA0B01F71ED4800D925F5 /* ChannelRevokeLink.proto.swift in Sources */,
				FA5AA0E91F71ED4800D925F5 /* GroupDelete.proto.swift in Sources */,
				FA5AA0D81F71ED4800D925F5 /* GeoGetConfiguration.proto.swift in Sources */,
				FA5AA0D91F71ED4800D925F5 /* GeoGetNearbyCoordinate.proto.swift in Sources */,
				FA5AA0C91F71ED4800D925F5 /* ClientJoinByUsername.proto.swift in Sources */,
				FA5AA0BB1F71ED4800D925F5 /* ChatGetDraft.proto.swift in Sources */,
				FA5AA1211F71ED4800D925F5 /* UserInfo.proto.swift in Sources */,
				FA5AA12F1F71ED4800D925F5 /* UserRegister.proto.swift in Sources */,
				FA5AA0DF1F71ED4800D925F5 /* Global.proto.swift in Sources */,
				FA5AA1131F71ED4800D925F5 /* SignalingRinging.proto.swift in Sources */,
				FA5AA0D01F71ED4800D925F5 /* Error.proto.swift in Sources */,
				FA5AA0F01F71ED4800D925F5 /* GroupKickMember.proto.swift in Sources */,
				FA5AA0C61F71ED4800D925F5 /* ClientGetRoomList.proto.swift in Sources */,
				FA5AA0F91F71ED4800D925F5 /* GroupUpdateUsername.proto.swift in Sources */,
				FA5AA1381F71ED4800D925F5 /* UserTwoStepVerificationRecoverPasswordByAnswers.proto.swift in Sources */,
				FA5AA0A71F71ED4800D925F5 /* ChannelEditMessage.proto.swift in Sources */,
				FA5AA0ED1F71ED4800D925F5 /* GroupGetDraft.proto.swift in Sources */,
				FA5AA0C51F71ED4800D925F5 /* ClientGetRoomHistory.proto.swift in Sources */,
				FA5AA1051F71ED4800D925F5 /* QrCodeAddMe.proto.swift in Sources */,
				FA5AA0AC1F71ED4800D925F5 /* ChannelKickMember.proto.swift in Sources */,
				FA5AA0FE1F71ED4800D925F5 /* InfoTime.proto.swift in Sources */,
				FA5AA0C01F71ED4800D925F5 /* ChatUpdateStatus.proto.swift in Sources */,
				FA5AA0FC1F71ED4800D925F5 /* InfoLocation.proto.swift in Sources */,
				FA5AA0EE1F71ED4800D925F5 /* GroupGetMemberList.proto.swift in Sources */,
				FA5AA0C11F71ED4800D925F5 /* ClientCheckInviteLink.proto.swift in Sources */,
				FA5AA0E61F71ED4800D925F5 /* GroupCheckUsername.proto.swift in Sources */,
				FA5AA0B41F71ED4800D925F5 /* ChannelUpdateSignature.proto.swift in Sources */,
				FA5AA0D61F71ED4800D925F5 /* FileUploadStatus.proto.swift in Sources */,
				FA5AA1351F71ED4800D925F5 /* UserTwoStepVerificationChangeRecoveryQuestion.proto.swift in Sources */,
				FA5AA1421F71ED4800D925F5 /* UserVerify.proto.swift in Sources */,
				FA5AA0DD1F71ED4800D925F5 /* GeoUpdateComment.proto.swift in Sources */,
				FA5AA0A91F71ED4800D925F5 /* ChannelGetMemberList.proto.swift in Sources */,
				FA5AA1041F71ED4800D925F5 /* QrCodeAddContact.proto.swift in Sources */,
				FA5AA0A31F71ED4800D925F5 /* ChannelCreate.proto.swift in Sources */,
				FA5AA13B1F71ED4800D925F5 /* UserTwoStepVerificationResendVerifyEmail.proto.swift in Sources */,
				FA5AA1011F71ED4800D925F5 /* PushRateSignaling.proto.swift in Sources */,
				FA5AA1341F71ED4800D925F5 /* UserTwoStepVerificationChangeRecoveryEmail.proto.swift in Sources */,
				FA5AA0D11F71ED4800D925F5 /* FileDownload.proto.swift in Sources */,
				FA5AA1201F71ED4800D925F5 /* UserGetDeleteToken.proto.swift in Sources */,
				FA5AA0E01F71ED4800D925F5 /* GroupAddAdmin.proto.swift in Sources */,
				FA5AA1101F71ED4800D925F5 /* SignalingLeave.proto.swift in Sources */,
				FA5AA0CF1F71ED4800D925F5 /* ConnectionSecuring.proto.swift in Sources */,
				FA5AA1071F71ED4800D925F5 /* QrCodeNewDevice.proto.swift in Sources */,
				FA5AA0C31F71ED4800D925F5 /* ClientCountRoomHistory.proto.swift in Sources */,
				FA5AA0D21F71ED4800D925F5 /* FileInfo.proto.swift in Sources */,
				FA5AA11F1F71ED4800D925F5 /* UserDelete.proto.swift in Sources */,
				FA5AA0C71F71ED4800D925F5 /* ClientGetRoomMessage.proto.swift in Sources */,
				FA5AA1151F71ED4800D925F5 /* UserAvatarAdd.proto.swift in Sources */,
				FA5AA0D31F71ED4800D925F5 /* FileUpload.proto.swift in Sources */,
				FA5AA0F61F71ED4800D925F5 /* GroupSetAction.proto.swift in Sources */,
				FA5AA13D1F71ED4800D925F5 /* UserTwoStepVerificationUnsetPassword.proto.swift in Sources */,
				FA5AA10C1F71ED4800D925F5 /* SignalingCandidate.proto.swift in Sources */,
				FA5AA1411F71ED4800D925F5 /* UserUsernameToId.proto.swift in Sources */,
				FA5AA0CD1F71ED4800D925F5 /* ClientSubscribeToRoom.proto.swift in Sources */,
			);
			runOnlyForDeploymentPostprocessing = 0;
		};
/* End PBXSourcesBuildPhase section */

/* Begin XCBuildConfiguration section */
		FA76382F1E2FFD5E00C24391 /* Debug */ = {
			isa = XCBuildConfiguration;
			buildSettings = {
				ALWAYS_SEARCH_USER_PATHS = NO;
				CLANG_ANALYZER_NONNULL = YES;
				CLANG_CXX_LANGUAGE_STANDARD = "gnu++0x";
				CLANG_CXX_LIBRARY = "libc++";
				CLANG_ENABLE_MODULES = YES;
				CLANG_ENABLE_OBJC_ARC = YES;
				CLANG_WARN_BOOL_CONVERSION = YES;
				CLANG_WARN_CONSTANT_CONVERSION = YES;
				CLANG_WARN_DIRECT_OBJC_ISA_USAGE = YES_ERROR;
				CLANG_WARN_DOCUMENTATION_COMMENTS = YES;
				CLANG_WARN_EMPTY_BODY = YES;
				CLANG_WARN_ENUM_CONVERSION = YES;
				CLANG_WARN_INFINITE_RECURSION = YES;
				CLANG_WARN_INT_CONVERSION = YES;
				CLANG_WARN_OBJC_ROOT_CLASS = YES_ERROR;
				CLANG_WARN_SUSPICIOUS_MOVE = YES;
				CLANG_WARN_UNREACHABLE_CODE = YES;
				CLANG_WARN__DUPLICATE_METHOD_MATCH = YES;
				"CODE_SIGN_IDENTITY[sdk=iphoneos*]" = "iPhone Developer";
				COPY_PHASE_STRIP = NO;
				CURRENT_PROJECT_VERSION = 1;
				DEBUG_INFORMATION_FORMAT = dwarf;
				ENABLE_STRICT_OBJC_MSGSEND = YES;
				ENABLE_TESTABILITY = YES;
				GCC_C_LANGUAGE_STANDARD = gnu99;
				GCC_DYNAMIC_NO_PIC = NO;
				GCC_NO_COMMON_BLOCKS = YES;
				GCC_OPTIMIZATION_LEVEL = 0;
				GCC_PREPROCESSOR_DEFINITIONS = (
					"DEBUG=1",
					"$(inherited)",
				);
				GCC_WARN_64_TO_32_BIT_CONVERSION = YES;
				GCC_WARN_ABOUT_RETURN_TYPE = YES_ERROR;
				GCC_WARN_UNDECLARED_SELECTOR = YES;
				GCC_WARN_UNINITIALIZED_AUTOS = YES_AGGRESSIVE;
				GCC_WARN_UNUSED_FUNCTION = YES;
				GCC_WARN_UNUSED_VARIABLE = YES;
				IPHONEOS_DEPLOYMENT_TARGET = 10.2;
				MTL_ENABLE_DEBUG_INFO = YES;
				ONLY_ACTIVE_ARCH = YES;
				SDKROOT = iphoneos;
				SWIFT_ACTIVE_COMPILATION_CONDITIONS = DEBUG;
				SWIFT_OPTIMIZATION_LEVEL = "-Onone";
				TARGETED_DEVICE_FAMILY = "1,2";
				VERSIONING_SYSTEM = "apple-generic";
				VERSION_INFO_PREFIX = "";
			};
			name = Debug;
		};
		FA7638301E2FFD5E00C24391 /* Release */ = {
			isa = XCBuildConfiguration;
			buildSettings = {
				ALWAYS_SEARCH_USER_PATHS = NO;
				CLANG_ANALYZER_NONNULL = YES;
				CLANG_CXX_LANGUAGE_STANDARD = "gnu++0x";
				CLANG_CXX_LIBRARY = "libc++";
				CLANG_ENABLE_MODULES = YES;
				CLANG_ENABLE_OBJC_ARC = YES;
				CLANG_WARN_BOOL_CONVERSION = YES;
				CLANG_WARN_CONSTANT_CONVERSION = YES;
				CLANG_WARN_DIRECT_OBJC_ISA_USAGE = YES_ERROR;
				CLANG_WARN_DOCUMENTATION_COMMENTS = YES;
				CLANG_WARN_EMPTY_BODY = YES;
				CLANG_WARN_ENUM_CONVERSION = YES;
				CLANG_WARN_INFINITE_RECURSION = YES;
				CLANG_WARN_INT_CONVERSION = YES;
				CLANG_WARN_OBJC_ROOT_CLASS = YES_ERROR;
				CLANG_WARN_SUSPICIOUS_MOVE = YES;
				CLANG_WARN_UNREACHABLE_CODE = YES;
				CLANG_WARN__DUPLICATE_METHOD_MATCH = YES;
				"CODE_SIGN_IDENTITY[sdk=iphoneos*]" = "iPhone Developer";
				COPY_PHASE_STRIP = NO;
				CURRENT_PROJECT_VERSION = 1;
				DEBUG_INFORMATION_FORMAT = "dwarf-with-dsym";
				ENABLE_NS_ASSERTIONS = NO;
				ENABLE_STRICT_OBJC_MSGSEND = YES;
				GCC_C_LANGUAGE_STANDARD = gnu99;
				GCC_NO_COMMON_BLOCKS = YES;
				GCC_WARN_64_TO_32_BIT_CONVERSION = YES;
				GCC_WARN_ABOUT_RETURN_TYPE = YES_ERROR;
				GCC_WARN_UNDECLARED_SELECTOR = YES;
				GCC_WARN_UNINITIALIZED_AUTOS = YES_AGGRESSIVE;
				GCC_WARN_UNUSED_FUNCTION = YES;
				GCC_WARN_UNUSED_VARIABLE = YES;
				IPHONEOS_DEPLOYMENT_TARGET = 10.2;
				MTL_ENABLE_DEBUG_INFO = NO;
				SDKROOT = iphoneos;
				SWIFT_OPTIMIZATION_LEVEL = "-Owholemodule";
				TARGETED_DEVICE_FAMILY = "1,2";
				VALIDATE_PRODUCT = YES;
				VERSIONING_SYSTEM = "apple-generic";
				VERSION_INFO_PREFIX = "";
			};
			name = Release;
		};
		FA7638321E2FFD5E00C24391 /* Debug */ = {
			isa = XCBuildConfiguration;
			buildSettings = {
				CODE_SIGN_IDENTITY = "";
				DEFINES_MODULE = YES;
				DYLIB_COMPATIBILITY_VERSION = 1;
				DYLIB_CURRENT_VERSION = 1;
				DYLIB_INSTALL_NAME_BASE = "@rpath";
				FRAMEWORK_SEARCH_PATHS = (
					"$(inherited)",
					"$(PROJECT_DIR)/Carthage/Build/iOS",
				);
				GCC_OPTIMIZATION_LEVEL = fast;
				INFOPLIST_FILE = IGProtoBuff/Info.plist;
				INSTALL_PATH = "$(LOCAL_LIBRARY_DIR)/Frameworks";
				IPHONEOS_DEPLOYMENT_TARGET = 9.0;
				LD_RUNPATH_SEARCH_PATHS = "$(inherited) @executable_path/Frameworks @loader_path/Frameworks";
				ONLY_ACTIVE_ARCH = NO;
				OTHER_SWIFT_FLAGS = "-wmo";
				PRODUCT_BUNDLE_IDENTIFIER = net.igap.IGProtoBuff;
				PRODUCT_NAME = "$(TARGET_NAME)";
				SKIP_INSTALL = YES;
				SWIFT_OPTIMIZATION_LEVEL = "-Owholemodule";
				SWIFT_VERSION = 3.0;
			};
			name = Debug;
		};
		FA7638331E2FFD5E00C24391 /* Release */ = {
			isa = XCBuildConfiguration;
			buildSettings = {
				CODE_SIGN_IDENTITY = "";
				DEFINES_MODULE = YES;
				DYLIB_COMPATIBILITY_VERSION = 1;
				DYLIB_CURRENT_VERSION = 1;
				DYLIB_INSTALL_NAME_BASE = "@rpath";
				FRAMEWORK_SEARCH_PATHS = (
					"$(inherited)",
					"$(PROJECT_DIR)/Carthage/Build/iOS",
				);
				GCC_OPTIMIZATION_LEVEL = fast;
				INFOPLIST_FILE = IGProtoBuff/Info.plist;
				INSTALL_PATH = "$(LOCAL_LIBRARY_DIR)/Frameworks";
				IPHONEOS_DEPLOYMENT_TARGET = 9.0;
				LD_RUNPATH_SEARCH_PATHS = "$(inherited) @executable_path/Frameworks @loader_path/Frameworks";
				ONLY_ACTIVE_ARCH = NO;
				OTHER_SWIFT_FLAGS = "-wmo";
				PRODUCT_BUNDLE_IDENTIFIER = net.igap.IGProtoBuff;
				PRODUCT_NAME = "$(TARGET_NAME)";
				SKIP_INSTALL = YES;
				SWIFT_VERSION = 3.0;
			};
			name = Release;
		};
/* End XCBuildConfiguration section */

/* Begin XCConfigurationList section */
		FA7638231E2FFD5E00C24391 /* Build configuration list for PBXProject "IGProtoBuff" */ = {
			isa = XCConfigurationList;
			buildConfigurations = (
				FA76382F1E2FFD5E00C24391 /* Debug */,
				FA7638301E2FFD5E00C24391 /* Release */,
			);
			defaultConfigurationIsVisible = 0;
			defaultConfigurationName = Release;
		};
		FA7638311E2FFD5E00C24391 /* Build configuration list for PBXNativeTarget "IGProtoBuff" */ = {
			isa = XCConfigurationList;
			buildConfigurations = (
				FA7638321E2FFD5E00C24391 /* Debug */,
				FA7638331E2FFD5E00C24391 /* Release */,
			);
			defaultConfigurationIsVisible = 0;
			defaultConfigurationName = Release;
		};
/* End XCConfigurationList section */
	};
	rootObject = FA7638201E2FFD5E00C24391 /* Project object */;
}
